
Microsoft Visual Studio Solution File, Format Version 12.00
# Visual Studio Version 17
VisualStudioVersion = 17.5.2.0
MinimumVisualStudioVersion = 10.0.40219.1
Project("{2150E333-8FDC-42A3-9474-1A3956D46DE8}") = "dotnet", "dotnet", "{71E6E750-85FD-B5BC-4321-E01377EC6231}"
EndProject
Project("{2150E333-8FDC-42A3-9474-1A3956D46DE8}") = "tests", "tests", "{13AACEBB-5F00-79C1-2D14-6EA8B5DDD1FE}"
EndProject
Project("{FAE04EC0-301F-11D3-BF4B-00C04F79EFBC}") = "Microsoft.Agents.Client.Tests", "dotnet\tests\Microsoft.Agents.Client.Tests\Microsoft.Agents.Client.Tests.csproj", "{8342BE25-E796-38F2-CB7B-0DB5AE423C10}"
EndProject
Project("{2150E333-8FDC-42A3-9474-1A3956D46DE8}") = "src", "src", "{D90AB541-7400-80B1-A0B4-F58D0D439F55}"
EndProject
Project("{FAE04EC0-301F-11D3-BF4B-00C04F79EFBC}") = "Microsoft.Agents.Hooks.Abstractions", "dotnet\src\Microsoft.Agents.Hooks.Abstractions\Microsoft.Agents.Hooks.Abstractions.csproj", "{3E83880C-9CB7-610F-0438-64B1A8E75897}"
EndProject
Project("{FAE04EC0-301F-11D3-BF4B-00C04F79EFBC}") = "Microsoft.Agents.Protocol.Core", "dotnet\src\Microsoft.Agents.Protocol.Core\Microsoft.Agents.Protocol.Core.csproj", "{850BF7EB-843F-EBAF-ADBA-FCCE81C1D78F}"
EndProject
Project("{FAE04EC0-301F-11D3-BF4B-00C04F79EFBC}") = "Microsoft.Agents.Protocol", "dotnet\src\Microsoft.Agents.Protocol\Microsoft.Agents.Protocol.csproj", "{139829D4-7C10-6727-8B80-CE14E353FDF5}"
EndProject
Project("{FAE04EC0-301F-11D3-BF4B-00C04F79EFBC}") = "Microsoft.Agents.Protocol.Abstractions", "dotnet\src\Microsoft.Agents.Protocol.Abstractions\Microsoft.Agents.Protocol.Abstractions.csproj", "{956915C5-AD76-FEBD-2811-D3918059B955}"
EndProject
Project("{FAE04EC0-301F-11D3-BF4B-00C04F79EFBC}") = "Microsoft.Agents.Hooks.Core", "dotnet\src\Microsoft.Agents.Hooks.Core\Microsoft.Agents.Hooks.Core.csproj", "{A2245D71-60C0-60EE-B8F0-6F8BFAF12047}"
EndProject
Project("{FAE04EC0-301F-11D3-BF4B-00C04F79EFBC}") = "Microsoft.Agents.Protocol.AspNetCore", "dotnet\src\Microsoft.Agents.Protocol.AspNetCore\Microsoft.Agents.Protocol.AspNetCore.csproj", "{D340DFCB-9C56-187A-4C0C-F06E31E9F92F}"
EndProject
Project("{FAE04EC0-301F-11D3-BF4B-00C04F79EFBC}") = "Microsoft.Agents.Hooks.AspNetCore", "dotnet\src\Microsoft.Agents.Hooks.AspNetCore\Microsoft.Agents.Hooks.AspNetCore.csproj", "{9A12A9FA-12BD-A826-E58E-47622BD53296}"
EndProject
Project("{2150E333-8FDC-42A3-9474-1A3956D46DE8}") = "Microsoft.Agents.Protocols.Tests", "Microsoft.Agents.Protocols.Tests", "{5582BD35-C929-57DD-B6E4-1310850F6397}"
EndProject
Project("{FAE04EC0-301F-11D3-BF4B-00C04F79EFBC}") = "EchoBot.Compliance.Tests", "dotnet\tests\Microsoft.Agents.Protocols.Tests\EchoBot.Compliance.Tests\EchoBot.Compliance.Tests.csproj", "{92E99A34-0E04-C709-0627-BAA9A6EE928A}"
EndProject
Project("{2150E333-8FDC-42A3-9474-1A3956D46DE8}") = "Microsoft.Agents.Xml.Tests", "Microsoft.Agents.Xml.Tests", "{6F533397-BBD9-0336-3CAE-F495370BE38B}"
EndProject
Project("{FAE04EC0-301F-11D3-BF4B-00C04F79EFBC}") = "Microsoft.Agents.Xml.Validation.Tests", "dotnet\tests\Microsoft.Agents.Xml.Tests\Microsoft.Agents.Xml.Validation.Tests\Microsoft.Agents.Xml.Validation.Tests.csproj", "{13F86938-B80C-7DF0-AF6E-9A6948745582}"
EndProject
Project("{2150E333-8FDC-42A3-9474-1A3956D46DE8}") = "AgentXml.CodeGen.Tests", "AgentXml.CodeGen.Tests", "{C1D486EE-EA64-90EF-7B05-C1DDFCF4D57D}"
EndProject
Project("{FAE04EC0-301F-11D3-BF4B-00C04F79EFBC}") = "Microsoft.Agents.Xml.Tests", "dotnet\tests\Microsoft.Agents.Xml.Tests\AgentXml.CodeGen.Tests\Microsoft.Agents.Xml.Tests.csproj", "{FD71D200-A606-42CC-59F0-431FE2BCED15}"
EndProject
Project("{2150E333-8FDC-42A3-9474-1A3956D46DE8}") = "samples", "samples", "{D4940822-8CCD-A00D-B363-AA1F29BDEDF4}"
EndProject
Project("{2150E333-8FDC-42A3-9474-1A3956D46DE8}") = "agents", "agents", "{60FADB55-0053-2270-2CC9-BA1C5BAD72E6}"
EndProject
Project("{2150E333-8FDC-42A3-9474-1A3956D46DE8}") = "EchoBot", "EchoBot", "{422AE2D3-DA05-2643-985E-5FCE5985ADAF}"
EndProject
Project("{FAE04EC0-301F-11D3-BF4B-00C04F79EFBC}") = "QuickStart", "dotnet\samples\agents\EchoBot\QuickStart.csproj", "{4B21AFD1-D329-9589-6F6F-3D6D7C00E247}"
EndProject
Project("{2150E333-8FDC-42A3-9474-1A3956D46DE8}") = "hooks", "hooks", "{C057B1D3-1437-8B64-8D59-3C4D2E2A5A86}"
EndProject
Project("{FAE04EC0-301F-11D3-BF4B-00C04F79EFBC}") = "TelemetryHook.Tests", "dotnet\samples\hooks\TelemetryHook.Tests\TelemetryHook.Tests.csproj", "{0133DCE3-92C5-979C-6197-2B2A5130278E}"
EndProject
Project("{FAE04EC0-301F-11D3-BF4B-00C04F79EFBC}") = "SendMessageHook.Tests", "dotnet\samples\hooks\SendMessageHook.Tests\SendMessageHook.Tests.csproj", "{2590D9B5-418E-D410-AB16-18C3998792E9}"
EndProject
Project("{FAE04EC0-301F-11D3-BF4B-00C04F79EFBC}") = "BlockHook", "dotnet\samples\hooks\BlockHook\BlockHook.csproj", "{3B284666-C917-1CEA-8C30-E4C324BCF481}"
EndProject
Project("{FAE04EC0-301F-11D3-BF4B-00C04F79EFBC}") = "RemoteHook.Tests", "dotnet\samples\hooks\RemoteHook.Tests\RemoteHook.Tests.csproj", "{BDBCF726-FB59-1299-EE19-7FCFE4A0EE71}"
EndProject
Project("{FAE04EC0-301F-11D3-BF4B-00C04F79EFBC}") = "ConditionHook", "dotnet\samples\hooks\ConditionHook\ConditionHook.csproj", "{3158B38E-7472-A3E6-5C0C-F268A4B56676}"
EndProject
Project("{FAE04EC0-301F-11D3-BF4B-00C04F79EFBC}") = "ModifyHook.Tests", "dotnet\samples\hooks\ModifyHook.Tests\ModifyHook.Tests.csproj", "{F4E7E3D6-B87D-0C7F-EA17-EF9C3DFB33D8}"
EndProject
Project("{FAE04EC0-301F-11D3-BF4B-00C04F79EFBC}") = "SendMessageHook", "dotnet\samples\hooks\SendMessageHook\SendMessageHook.csproj", "{6B7E547F-EE4D-E3C5-5624-7CC78D73AA62}"
EndProject
Project("{FAE04EC0-301F-11D3-BF4B-00C04F79EFBC}") = "ConditionHook.Tests", "dotnet\samples\hooks\ConditionHook.Tests\ConditionHook.Tests.csproj", "{54EA81E8-883F-6ED2-025F-097FCCD6BA88}"
EndProject
Project("{FAE04EC0-301F-11D3-BF4B-00C04F79EFBC}") = "BlockHook.Tests", "dotnet\samples\hooks\BlockHook.Tests\BlockHook.Tests.csproj", "{D4DE3848-2B8B-2C1C-04CF-35736ACE1296}"
EndProject
Project("{FAE04EC0-301F-11D3-BF4B-00C04F79EFBC}") = "TelemetryHook", "dotnet\samples\hooks\TelemetryHook\TelemetryHook.csproj", "{2B5F9FD5-5E97-77CB-F304-788A1054E309}"
EndProject
Project("{FAE04EC0-301F-11D3-BF4B-00C04F79EFBC}") = "ModifyHook", "dotnet\samples\hooks\ModifyHook\ModifyHook.csproj", "{E474CD4C-9BF6-E439-64AF-819CA2F2C8C7}"
EndProject
Project("{FAE04EC0-301F-11D3-BF4B-00C04F79EFBC}") = "RemoteHook", "dotnet\samples\hooks\RemoteHook\RemoteHook.csproj", "{8CDEBF86-01A2-1802-2A19-521D2E609E96}"
EndProject
Project("{2150E333-8FDC-42A3-9474-1A3956D46DE8}") = "Microsoft.Agents.Xml", "Microsoft.Agents.Xml", "{2E70E204-8799-FF91-BF54-810848B0ABE3}"
EndProject
Project("{FAE04EC0-301F-11D3-BF4B-00C04F79EFBC}") = "Microsoft.Agents.Xml.Generated", "dotnet\src\Microsoft.Agents.Xml\Microsoft.Agents.Xml.Generated\Microsoft.Agents.Xml.Generated.csproj", "{2B26E7F8-5F26-9B8C-3941-26F4CB8FD689}"
EndProject
Project("{FAE04EC0-301F-11D3-BF4B-00C04F79EFBC}") = "Microsoft.Agents.Xml.Core", "dotnet\src\Microsoft.Agents.Xml\Microsoft.Agents.Xml.Core\Microsoft.Agents.Xml.Core.csproj", "{7A32A0DA-DE0D-DC63-CCBD-28FB71EE6460}"
EndProject
Project("{FAE04EC0-301F-11D3-BF4B-00C04F79EFBC}") = "Microsoft.Agents.Xml.CodeGen", "dotnet\src\Microsoft.Agents.Xml\Microsoft.Agents.Xml.CodeGen\Microsoft.Agents.Xml.CodeGen.csproj", "{9396E5F6-B9E6-C480-4EEC-297EF500F959}"
EndProject
Project("{FAE04EC0-301F-11D3-BF4B-00C04F79EFBC}") = "Microsoft.Agents.Xml.Validation", "dotnet\src\Microsoft.Agents.Xml\Microsoft.Agents.Xml.Validation\Microsoft.Agents.Xml.Validation.csproj", "{67FCFE25-EFE8-6B76-A32C-80BA2B13C98A}"
EndProject
Project("{FAE04EC0-301F-11D3-BF4B-00C04F79EFBC}") = "Microsoft.Agents.Protocol.Sdk", "dotnet\src\Microsoft.Agents.Protocol.Sdk\Microsoft.Agents.Protocol.Sdk.csproj", "{445544B8-5396-45F6-A7A8-8C4D8BF49682}"
EndProject
Project("{FAE04EC0-301F-11D3-BF4B-00C04F79EFBC}") = "Microsoft.Agents.Abstractions", "dotnet\src\Microsoft.Agents.Abstractions\Microsoft.Agents.Abstractions.csproj", "{7CFDFA9C-4378-4619-9744-5AA25D6B44DC}"
EndProject
Global
	GlobalSection(SolutionConfigurationPlatforms) = preSolution
		Debug|Any CPU = Debug|Any CPU
		Debug|x64 = Debug|x64
		Debug|x86 = Debug|x86
		Release|Any CPU = Release|Any CPU
		Release|x64 = Release|x64
		Release|x86 = Release|x86
	EndGlobalSection
	GlobalSection(ProjectConfigurationPlatforms) = postSolution
		{8342BE25-E796-38F2-CB7B-0DB5AE423C10}.Debug|Any CPU.ActiveCfg = Debug|Any CPU
		{8342BE25-E796-38F2-CB7B-0DB5AE423C10}.Debug|Any CPU.Build.0 = Debug|Any CPU
		{8342BE25-E796-38F2-CB7B-0DB5AE423C10}.Debug|x64.ActiveCfg = Debug|Any CPU
		{8342BE25-E796-38F2-CB7B-0DB5AE423C10}.Debug|x64.Build.0 = Debug|Any CPU
		{8342BE25-E796-38F2-CB7B-0DB5AE423C10}.Debug|x86.ActiveCfg = Debug|Any CPU
		{8342BE25-E796-38F2-CB7B-0DB5AE423C10}.Debug|x86.Build.0 = Debug|Any CPU
		{8342BE25-E796-38F2-CB7B-0DB5AE423C10}.Release|Any CPU.ActiveCfg = Release|Any CPU
		{8342BE25-E796-38F2-CB7B-0DB5AE423C10}.Release|Any CPU.Build.0 = Release|Any CPU
		{8342BE25-E796-38F2-CB7B-0DB5AE423C10}.Release|x64.ActiveCfg = Release|Any CPU
		{8342BE25-E796-38F2-CB7B-0DB5AE423C10}.Release|x64.Build.0 = Release|Any CPU
		{8342BE25-E796-38F2-CB7B-0DB5AE423C10}.Release|x86.ActiveCfg = Release|Any CPU
		{8342BE25-E796-38F2-CB7B-0DB5AE423C10}.Release|x86.Build.0 = Release|Any CPU
		{3E83880C-9CB7-610F-0438-64B1A8E75897}.Debug|Any CPU.ActiveCfg = Debug|Any CPU
		{3E83880C-9CB7-610F-0438-64B1A8E75897}.Debug|Any CPU.Build.0 = Debug|Any CPU
		{3E83880C-9CB7-610F-0438-64B1A8E75897}.Debug|x64.ActiveCfg = Debug|Any CPU
		{3E83880C-9CB7-610F-0438-64B1A8E75897}.Debug|x64.Build.0 = Debug|Any CPU
		{3E83880C-9CB7-610F-0438-64B1A8E75897}.Debug|x86.ActiveCfg = Debug|Any CPU
		{3E83880C-9CB7-610F-0438-64B1A8E75897}.Debug|x86.Build.0 = Debug|Any CPU
		{3E83880C-9CB7-610F-0438-64B1A8E75897}.Release|Any CPU.ActiveCfg = Release|Any CPU
		{3E83880C-9CB7-610F-0438-64B1A8E75897}.Release|Any CPU.Build.0 = Release|Any CPU
		{3E83880C-9CB7-610F-0438-64B1A8E75897}.Release|x64.ActiveCfg = Release|Any CPU
		{3E83880C-9CB7-610F-0438-64B1A8E75897}.Release|x64.Build.0 = Release|Any CPU
		{3E83880C-9CB7-610F-0438-64B1A8E75897}.Release|x86.ActiveCfg = Release|Any CPU
		{3E83880C-9CB7-610F-0438-64B1A8E75897}.Release|x86.Build.0 = Release|Any CPU
		{850BF7EB-843F-EBAF-ADBA-FCCE81C1D78F}.Debug|Any CPU.ActiveCfg = Debug|Any CPU
		{850BF7EB-843F-EBAF-ADBA-FCCE81C1D78F}.Debug|Any CPU.Build.0 = Debug|Any CPU
		{850BF7EB-843F-EBAF-ADBA-FCCE81C1D78F}.Debug|x64.ActiveCfg = Debug|Any CPU
		{850BF7EB-843F-EBAF-ADBA-FCCE81C1D78F}.Debug|x64.Build.0 = Debug|Any CPU
		{850BF7EB-843F-EBAF-ADBA-FCCE81C1D78F}.Debug|x86.ActiveCfg = Debug|Any CPU
		{850BF7EB-843F-EBAF-ADBA-FCCE81C1D78F}.Debug|x86.Build.0 = Debug|Any CPU
		{850BF7EB-843F-EBAF-ADBA-FCCE81C1D78F}.Release|Any CPU.ActiveCfg = Release|Any CPU
		{850BF7EB-843F-EBAF-ADBA-FCCE81C1D78F}.Release|Any CPU.Build.0 = Release|Any CPU
		{850BF7EB-843F-EBAF-ADBA-FCCE81C1D78F}.Release|x64.ActiveCfg = Release|Any CPU
		{850BF7EB-843F-EBAF-ADBA-FCCE81C1D78F}.Release|x64.Build.0 = Release|Any CPU
		{850BF7EB-843F-EBAF-ADBA-FCCE81C1D78F}.Release|x86.ActiveCfg = Release|Any CPU
		{850BF7EB-843F-EBAF-ADBA-FCCE81C1D78F}.Release|x86.Build.0 = Release|Any CPU
		{139829D4-7C10-6727-8B80-CE14E353FDF5}.Debug|Any CPU.ActiveCfg = Debug|Any CPU
		{139829D4-7C10-6727-8B80-CE14E353FDF5}.Debug|Any CPU.Build.0 = Debug|Any CPU
		{139829D4-7C10-6727-8B80-CE14E353FDF5}.Debug|x64.ActiveCfg = Debug|Any CPU
		{139829D4-7C10-6727-8B80-CE14E353FDF5}.Debug|x64.Build.0 = Debug|Any CPU
		{139829D4-7C10-6727-8B80-CE14E353FDF5}.Debug|x86.ActiveCfg = Debug|Any CPU
		{139829D4-7C10-6727-8B80-CE14E353FDF5}.Debug|x86.Build.0 = Debug|Any CPU
		{139829D4-7C10-6727-8B80-CE14E353FDF5}.Release|Any CPU.ActiveCfg = Release|Any CPU
		{139829D4-7C10-6727-8B80-CE14E353FDF5}.Release|Any CPU.Build.0 = Release|Any CPU
		{139829D4-7C10-6727-8B80-CE14E353FDF5}.Release|x64.ActiveCfg = Release|Any CPU
		{139829D4-7C10-6727-8B80-CE14E353FDF5}.Release|x64.Build.0 = Release|Any CPU
		{139829D4-7C10-6727-8B80-CE14E353FDF5}.Release|x86.ActiveCfg = Release|Any CPU
		{139829D4-7C10-6727-8B80-CE14E353FDF5}.Release|x86.Build.0 = Release|Any CPU
		{956915C5-AD76-FEBD-2811-D3918059B955}.Debug|Any CPU.ActiveCfg = Debug|Any CPU
		{956915C5-AD76-FEBD-2811-D3918059B955}.Debug|Any CPU.Build.0 = Debug|Any CPU
		{956915C5-AD76-FEBD-2811-D3918059B955}.Debug|x64.ActiveCfg = Debug|Any CPU
		{956915C5-AD76-FEBD-2811-D3918059B955}.Debug|x64.Build.0 = Debug|Any CPU
		{956915C5-AD76-FEBD-2811-D3918059B955}.Debug|x86.ActiveCfg = Debug|Any CPU
		{956915C5-AD76-FEBD-2811-D3918059B955}.Debug|x86.Build.0 = Debug|Any CPU
		{956915C5-AD76-FEBD-2811-D3918059B955}.Release|Any CPU.ActiveCfg = Release|Any CPU
		{956915C5-AD76-FEBD-2811-D3918059B955}.Release|Any CPU.Build.0 = Release|Any CPU
		{956915C5-AD76-FEBD-2811-D3918059B955}.Release|x64.ActiveCfg = Release|Any CPU
		{956915C5-AD76-FEBD-2811-D3918059B955}.Release|x64.Build.0 = Release|Any CPU
		{956915C5-AD76-FEBD-2811-D3918059B955}.Release|x86.ActiveCfg = Release|Any CPU
		{956915C5-AD76-FEBD-2811-D3918059B955}.Release|x86.Build.0 = Release|Any CPU
		{A2245D71-60C0-60EE-B8F0-6F8BFAF12047}.Debug|Any CPU.ActiveCfg = Debug|Any CPU
		{A2245D71-60C0-60EE-B8F0-6F8BFAF12047}.Debug|Any CPU.Build.0 = Debug|Any CPU
		{A2245D71-60C0-60EE-B8F0-6F8BFAF12047}.Debug|x64.ActiveCfg = Debug|Any CPU
		{A2245D71-60C0-60EE-B8F0-6F8BFAF12047}.Debug|x64.Build.0 = Debug|Any CPU
		{A2245D71-60C0-60EE-B8F0-6F8BFAF12047}.Debug|x86.ActiveCfg = Debug|Any CPU
		{A2245D71-60C0-60EE-B8F0-6F8BFAF12047}.Debug|x86.Build.0 = Debug|Any CPU
		{A2245D71-60C0-60EE-B8F0-6F8BFAF12047}.Release|Any CPU.ActiveCfg = Release|Any CPU
		{A2245D71-60C0-60EE-B8F0-6F8BFAF12047}.Release|Any CPU.Build.0 = Release|Any CPU
		{A2245D71-60C0-60EE-B8F0-6F8BFAF12047}.Release|x64.ActiveCfg = Release|Any CPU
		{A2245D71-60C0-60EE-B8F0-6F8BFAF12047}.Release|x64.Build.0 = Release|Any CPU
		{A2245D71-60C0-60EE-B8F0-6F8BFAF12047}.Release|x86.ActiveCfg = Release|Any CPU
		{A2245D71-60C0-60EE-B8F0-6F8BFAF12047}.Release|x86.Build.0 = Release|Any CPU
		{D340DFCB-9C56-187A-4C0C-F06E31E9F92F}.Debug|Any CPU.ActiveCfg = Debug|Any CPU
		{D340DFCB-9C56-187A-4C0C-F06E31E9F92F}.Debug|Any CPU.Build.0 = Debug|Any CPU
		{D340DFCB-9C56-187A-4C0C-F06E31E9F92F}.Debug|x64.ActiveCfg = Debug|Any CPU
		{D340DFCB-9C56-187A-4C0C-F06E31E9F92F}.Debug|x64.Build.0 = Debug|Any CPU
		{D340DFCB-9C56-187A-4C0C-F06E31E9F92F}.Debug|x86.ActiveCfg = Debug|Any CPU
		{D340DFCB-9C56-187A-4C0C-F06E31E9F92F}.Debug|x86.Build.0 = Debug|Any CPU
		{D340DFCB-9C56-187A-4C0C-F06E31E9F92F}.Release|Any CPU.ActiveCfg = Release|Any CPU
		{D340DFCB-9C56-187A-4C0C-F06E31E9F92F}.Release|Any CPU.Build.0 = Release|Any CPU
		{D340DFCB-9C56-187A-4C0C-F06E31E9F92F}.Release|x64.ActiveCfg = Release|Any CPU
		{D340DFCB-9C56-187A-4C0C-F06E31E9F92F}.Release|x64.Build.0 = Release|Any CPU
		{D340DFCB-9C56-187A-4C0C-F06E31E9F92F}.Release|x86.ActiveCfg = Release|Any CPU
		{D340DFCB-9C56-187A-4C0C-F06E31E9F92F}.Release|x86.Build.0 = Release|Any CPU
		{9A12A9FA-12BD-A826-E58E-47622BD53296}.Debug|Any CPU.ActiveCfg = Debug|Any CPU
		{9A12A9FA-12BD-A826-E58E-47622BD53296}.Debug|Any CPU.Build.0 = Debug|Any CPU
		{9A12A9FA-12BD-A826-E58E-47622BD53296}.Debug|x64.ActiveCfg = Debug|Any CPU
		{9A12A9FA-12BD-A826-E58E-47622BD53296}.Debug|x64.Build.0 = Debug|Any CPU
		{9A12A9FA-12BD-A826-E58E-47622BD53296}.Debug|x86.ActiveCfg = Debug|Any CPU
		{9A12A9FA-12BD-A826-E58E-47622BD53296}.Debug|x86.Build.0 = Debug|Any CPU
		{9A12A9FA-12BD-A826-E58E-47622BD53296}.Release|Any CPU.ActiveCfg = Release|Any CPU
		{9A12A9FA-12BD-A826-E58E-47622BD53296}.Release|Any CPU.Build.0 = Release|Any CPU
		{9A12A9FA-12BD-A826-E58E-47622BD53296}.Release|x64.ActiveCfg = Release|Any CPU
		{9A12A9FA-12BD-A826-E58E-47622BD53296}.Release|x64.Build.0 = Release|Any CPU
		{9A12A9FA-12BD-A826-E58E-47622BD53296}.Release|x86.ActiveCfg = Release|Any CPU
		{9A12A9FA-12BD-A826-E58E-47622BD53296}.Release|x86.Build.0 = Release|Any CPU
		{92E99A34-0E04-C709-0627-BAA9A6EE928A}.Debug|Any CPU.ActiveCfg = Debug|Any CPU
		{92E99A34-0E04-C709-0627-BAA9A6EE928A}.Debug|Any CPU.Build.0 = Debug|Any CPU
		{92E99A34-0E04-C709-0627-BAA9A6EE928A}.Debug|x64.ActiveCfg = Debug|Any CPU
		{92E99A34-0E04-C709-0627-BAA9A6EE928A}.Debug|x64.Build.0 = Debug|Any CPU
		{92E99A34-0E04-C709-0627-BAA9A6EE928A}.Debug|x86.ActiveCfg = Debug|Any CPU
		{92E99A34-0E04-C709-0627-BAA9A6EE928A}.Debug|x86.Build.0 = Debug|Any CPU
		{92E99A34-0E04-C709-0627-BAA9A6EE928A}.Release|Any CPU.ActiveCfg = Release|Any CPU
		{92E99A34-0E04-C709-0627-BAA9A6EE928A}.Release|Any CPU.Build.0 = Release|Any CPU
		{92E99A34-0E04-C709-0627-BAA9A6EE928A}.Release|x64.ActiveCfg = Release|Any CPU
		{92E99A34-0E04-C709-0627-BAA9A6EE928A}.Release|x64.Build.0 = Release|Any CPU
		{92E99A34-0E04-C709-0627-BAA9A6EE928A}.Release|x86.ActiveCfg = Release|Any CPU
		{92E99A34-0E04-C709-0627-BAA9A6EE928A}.Release|x86.Build.0 = Release|Any CPU
		{13F86938-B80C-7DF0-AF6E-9A6948745582}.Debug|Any CPU.ActiveCfg = Debug|Any CPU
		{13F86938-B80C-7DF0-AF6E-9A6948745582}.Debug|Any CPU.Build.0 = Debug|Any CPU
		{13F86938-B80C-7DF0-AF6E-9A6948745582}.Debug|x64.ActiveCfg = Debug|Any CPU
		{13F86938-B80C-7DF0-AF6E-9A6948745582}.Debug|x64.Build.0 = Debug|Any CPU
		{13F86938-B80C-7DF0-AF6E-9A6948745582}.Debug|x86.ActiveCfg = Debug|Any CPU
		{13F86938-B80C-7DF0-AF6E-9A6948745582}.Debug|x86.Build.0 = Debug|Any CPU
		{13F86938-B80C-7DF0-AF6E-9A6948745582}.Release|Any CPU.ActiveCfg = Release|Any CPU
		{13F86938-B80C-7DF0-AF6E-9A6948745582}.Release|Any CPU.Build.0 = Release|Any CPU
		{13F86938-B80C-7DF0-AF6E-9A6948745582}.Release|x64.ActiveCfg = Release|Any CPU
		{13F86938-B80C-7DF0-AF6E-9A6948745582}.Release|x64.Build.0 = Release|Any CPU
		{13F86938-B80C-7DF0-AF6E-9A6948745582}.Release|x86.ActiveCfg = Release|Any CPU
		{13F86938-B80C-7DF0-AF6E-9A6948745582}.Release|x86.Build.0 = Release|Any CPU
		{FD71D200-A606-42CC-59F0-431FE2BCED15}.Debug|Any CPU.ActiveCfg = Debug|Any CPU
		{FD71D200-A606-42CC-59F0-431FE2BCED15}.Debug|Any CPU.Build.0 = Debug|Any CPU
		{FD71D200-A606-42CC-59F0-431FE2BCED15}.Debug|x64.ActiveCfg = Debug|Any CPU
		{FD71D200-A606-42CC-59F0-431FE2BCED15}.Debug|x64.Build.0 = Debug|Any CPU
		{FD71D200-A606-42CC-59F0-431FE2BCED15}.Debug|x86.ActiveCfg = Debug|Any CPU
		{FD71D200-A606-42CC-59F0-431FE2BCED15}.Debug|x86.Build.0 = Debug|Any CPU
		{FD71D200-A606-42CC-59F0-431FE2BCED15}.Release|Any CPU.ActiveCfg = Release|Any CPU
		{FD71D200-A606-42CC-59F0-431FE2BCED15}.Release|Any CPU.Build.0 = Release|Any CPU
		{FD71D200-A606-42CC-59F0-431FE2BCED15}.Release|x64.ActiveCfg = Release|Any CPU
		{FD71D200-A606-42CC-59F0-431FE2BCED15}.Release|x64.Build.0 = Release|Any CPU
		{FD71D200-A606-42CC-59F0-431FE2BCED15}.Release|x86.ActiveCfg = Release|Any CPU
		{FD71D200-A606-42CC-59F0-431FE2BCED15}.Release|x86.Build.0 = Release|Any CPU
		{4B21AFD1-D329-9589-6F6F-3D6D7C00E247}.Debug|Any CPU.ActiveCfg = Debug|Any CPU
		{4B21AFD1-D329-9589-6F6F-3D6D7C00E247}.Debug|Any CPU.Build.0 = Debug|Any CPU
		{4B21AFD1-D329-9589-6F6F-3D6D7C00E247}.Debug|x64.ActiveCfg = Debug|Any CPU
		{4B21AFD1-D329-9589-6F6F-3D6D7C00E247}.Debug|x64.Build.0 = Debug|Any CPU
		{4B21AFD1-D329-9589-6F6F-3D6D7C00E247}.Debug|x86.ActiveCfg = Debug|Any CPU
		{4B21AFD1-D329-9589-6F6F-3D6D7C00E247}.Debug|x86.Build.0 = Debug|Any CPU
		{4B21AFD1-D329-9589-6F6F-3D6D7C00E247}.Release|Any CPU.ActiveCfg = Release|Any CPU
		{4B21AFD1-D329-9589-6F6F-3D6D7C00E247}.Release|Any CPU.Build.0 = Release|Any CPU
		{4B21AFD1-D329-9589-6F6F-3D6D7C00E247}.Release|x64.ActiveCfg = Release|Any CPU
		{4B21AFD1-D329-9589-6F6F-3D6D7C00E247}.Release|x64.Build.0 = Release|Any CPU
		{4B21AFD1-D329-9589-6F6F-3D6D7C00E247}.Release|x86.ActiveCfg = Release|Any CPU
		{4B21AFD1-D329-9589-6F6F-3D6D7C00E247}.Release|x86.Build.0 = Release|Any CPU
		{0133DCE3-92C5-979C-6197-2B2A5130278E}.Debug|Any CPU.ActiveCfg = Debug|Any CPU
		{0133DCE3-92C5-979C-6197-2B2A5130278E}.Debug|Any CPU.Build.0 = Debug|Any CPU
		{0133DCE3-92C5-979C-6197-2B2A5130278E}.Debug|x64.ActiveCfg = Debug|Any CPU
		{0133DCE3-92C5-979C-6197-2B2A5130278E}.Debug|x64.Build.0 = Debug|Any CPU
		{0133DCE3-92C5-979C-6197-2B2A5130278E}.Debug|x86.ActiveCfg = Debug|Any CPU
		{0133DCE3-92C5-979C-6197-2B2A5130278E}.Debug|x86.Build.0 = Debug|Any CPU
		{0133DCE3-92C5-979C-6197-2B2A5130278E}.Release|Any CPU.ActiveCfg = Release|Any CPU
		{0133DCE3-92C5-979C-6197-2B2A5130278E}.Release|Any CPU.Build.0 = Release|Any CPU
		{0133DCE3-92C5-979C-6197-2B2A5130278E}.Release|x64.ActiveCfg = Release|Any CPU
		{0133DCE3-92C5-979C-6197-2B2A5130278E}.Release|x64.Build.0 = Release|Any CPU
		{0133DCE3-92C5-979C-6197-2B2A5130278E}.Release|x86.ActiveCfg = Release|Any CPU
		{0133DCE3-92C5-979C-6197-2B2A5130278E}.Release|x86.Build.0 = Release|Any CPU
		{2590D9B5-418E-D410-AB16-18C3998792E9}.Debug|Any CPU.ActiveCfg = Debug|Any CPU
		{2590D9B5-418E-D410-AB16-18C3998792E9}.Debug|Any CPU.Build.0 = Debug|Any CPU
		{2590D9B5-418E-D410-AB16-18C3998792E9}.Debug|x64.ActiveCfg = Debug|Any CPU
		{2590D9B5-418E-D410-AB16-18C3998792E9}.Debug|x64.Build.0 = Debug|Any CPU
		{2590D9B5-418E-D410-AB16-18C3998792E9}.Debug|x86.ActiveCfg = Debug|Any CPU
		{2590D9B5-418E-D410-AB16-18C3998792E9}.Debug|x86.Build.0 = Debug|Any CPU
		{2590D9B5-418E-D410-AB16-18C3998792E9}.Release|Any CPU.ActiveCfg = Release|Any CPU
		{2590D9B5-418E-D410-AB16-18C3998792E9}.Release|Any CPU.Build.0 = Release|Any CPU
		{2590D9B5-418E-D410-AB16-18C3998792E9}.Release|x64.ActiveCfg = Release|Any CPU
		{2590D9B5-418E-D410-AB16-18C3998792E9}.Release|x64.Build.0 = Release|Any CPU
		{2590D9B5-418E-D410-AB16-18C3998792E9}.Release|x86.ActiveCfg = Release|Any CPU
		{2590D9B5-418E-D410-AB16-18C3998792E9}.Release|x86.Build.0 = Release|Any CPU
		{3B284666-C917-1CEA-8C30-E4C324BCF481}.Debug|Any CPU.ActiveCfg = Debug|Any CPU
		{3B284666-C917-1CEA-8C30-E4C324BCF481}.Debug|Any CPU.Build.0 = Debug|Any CPU
		{3B284666-C917-1CEA-8C30-E4C324BCF481}.Debug|x64.ActiveCfg = Debug|Any CPU
		{3B284666-C917-1CEA-8C30-E4C324BCF481}.Debug|x64.Build.0 = Debug|Any CPU
		{3B284666-C917-1CEA-8C30-E4C324BCF481}.Debug|x86.ActiveCfg = Debug|Any CPU
		{3B284666-C917-1CEA-8C30-E4C324BCF481}.Debug|x86.Build.0 = Debug|Any CPU
		{3B284666-C917-1CEA-8C30-E4C324BCF481}.Release|Any CPU.ActiveCfg = Release|Any CPU
		{3B284666-C917-1CEA-8C30-E4C324BCF481}.Release|Any CPU.Build.0 = Release|Any CPU
		{3B284666-C917-1CEA-8C30-E4C324BCF481}.Release|x64.ActiveCfg = Release|Any CPU
		{3B284666-C917-1CEA-8C30-E4C324BCF481}.Release|x64.Build.0 = Release|Any CPU
		{3B284666-C917-1CEA-8C30-E4C324BCF481}.Release|x86.ActiveCfg = Release|Any CPU
		{3B284666-C917-1CEA-8C30-E4C324BCF481}.Release|x86.Build.0 = Release|Any CPU
		{BDBCF726-FB59-1299-EE19-7FCFE4A0EE71}.Debug|Any CPU.ActiveCfg = Debug|Any CPU
		{BDBCF726-FB59-1299-EE19-7FCFE4A0EE71}.Debug|Any CPU.Build.0 = Debug|Any CPU
		{BDBCF726-FB59-1299-EE19-7FCFE4A0EE71}.Debug|x64.ActiveCfg = Debug|Any CPU
		{BDBCF726-FB59-1299-EE19-7FCFE4A0EE71}.Debug|x64.Build.0 = Debug|Any CPU
		{BDBCF726-FB59-1299-EE19-7FCFE4A0EE71}.Debug|x86.ActiveCfg = Debug|Any CPU
		{BDBCF726-FB59-1299-EE19-7FCFE4A0EE71}.Debug|x86.Build.0 = Debug|Any CPU
		{BDBCF726-FB59-1299-EE19-7FCFE4A0EE71}.Release|Any CPU.ActiveCfg = Release|Any CPU
		{BDBCF726-FB59-1299-EE19-7FCFE4A0EE71}.Release|Any CPU.Build.0 = Release|Any CPU
		{BDBCF726-FB59-1299-EE19-7FCFE4A0EE71}.Release|x64.ActiveCfg = Release|Any CPU
		{BDBCF726-FB59-1299-EE19-7FCFE4A0EE71}.Release|x64.Build.0 = Release|Any CPU
		{BDBCF726-FB59-1299-EE19-7FCFE4A0EE71}.Release|x86.ActiveCfg = Release|Any CPU
		{BDBCF726-FB59-1299-EE19-7FCFE4A0EE71}.Release|x86.Build.0 = Release|Any CPU
		{3158B38E-7472-A3E6-5C0C-F268A4B56676}.Debug|Any CPU.ActiveCfg = Debug|Any CPU
		{3158B38E-7472-A3E6-5C0C-F268A4B56676}.Debug|Any CPU.Build.0 = Debug|Any CPU
		{3158B38E-7472-A3E6-5C0C-F268A4B56676}.Debug|x64.ActiveCfg = Debug|Any CPU
		{3158B38E-7472-A3E6-5C0C-F268A4B56676}.Debug|x64.Build.0 = Debug|Any CPU
		{3158B38E-7472-A3E6-5C0C-F268A4B56676}.Debug|x86.ActiveCfg = Debug|Any CPU
		{3158B38E-7472-A3E6-5C0C-F268A4B56676}.Debug|x86.Build.0 = Debug|Any CPU
		{3158B38E-7472-A3E6-5C0C-F268A4B56676}.Release|Any CPU.ActiveCfg = Release|Any CPU
		{3158B38E-7472-A3E6-5C0C-F268A4B56676}.Release|Any CPU.Build.0 = Release|Any CPU
		{3158B38E-7472-A3E6-5C0C-F268A4B56676}.Release|x64.ActiveCfg = Release|Any CPU
		{3158B38E-7472-A3E6-5C0C-F268A4B56676}.Release|x64.Build.0 = Release|Any CPU
		{3158B38E-7472-A3E6-5C0C-F268A4B56676}.Release|x86.ActiveCfg = Release|Any CPU
		{3158B38E-7472-A3E6-5C0C-F268A4B56676}.Release|x86.Build.0 = Release|Any CPU
		{F4E7E3D6-B87D-0C7F-EA17-EF9C3DFB33D8}.Debug|Any CPU.ActiveCfg = Debug|Any CPU
		{F4E7E3D6-B87D-0C7F-EA17-EF9C3DFB33D8}.Debug|Any CPU.Build.0 = Debug|Any CPU
		{F4E7E3D6-B87D-0C7F-EA17-EF9C3DFB33D8}.Debug|x64.ActiveCfg = Debug|Any CPU
		{F4E7E3D6-B87D-0C7F-EA17-EF9C3DFB33D8}.Debug|x64.Build.0 = Debug|Any CPU
		{F4E7E3D6-B87D-0C7F-EA17-EF9C3DFB33D8}.Debug|x86.ActiveCfg = Debug|Any CPU
		{F4E7E3D6-B87D-0C7F-EA17-EF9C3DFB33D8}.Debug|x86.Build.0 = Debug|Any CPU
		{F4E7E3D6-B87D-0C7F-EA17-EF9C3DFB33D8}.Release|Any CPU.ActiveCfg = Release|Any CPU
		{F4E7E3D6-B87D-0C7F-EA17-EF9C3DFB33D8}.Release|Any CPU.Build.0 = Release|Any CPU
		{F4E7E3D6-B87D-0C7F-EA17-EF9C3DFB33D8}.Release|x64.ActiveCfg = Release|Any CPU
		{F4E7E3D6-B87D-0C7F-EA17-EF9C3DFB33D8}.Release|x64.Build.0 = Release|Any CPU
		{F4E7E3D6-B87D-0C7F-EA17-EF9C3DFB33D8}.Release|x86.ActiveCfg = Release|Any CPU
		{F4E7E3D6-B87D-0C7F-EA17-EF9C3DFB33D8}.Release|x86.Build.0 = Release|Any CPU
		{6B7E547F-EE4D-E3C5-5624-7CC78D73AA62}.Debug|Any CPU.ActiveCfg = Debug|Any CPU
		{6B7E547F-EE4D-E3C5-5624-7CC78D73AA62}.Debug|Any CPU.Build.0 = Debug|Any CPU
		{6B7E547F-EE4D-E3C5-5624-7CC78D73AA62}.Debug|x64.ActiveCfg = Debug|Any CPU
		{6B7E547F-EE4D-E3C5-5624-7CC78D73AA62}.Debug|x64.Build.0 = Debug|Any CPU
		{6B7E547F-EE4D-E3C5-5624-7CC78D73AA62}.Debug|x86.ActiveCfg = Debug|Any CPU
		{6B7E547F-EE4D-E3C5-5624-7CC78D73AA62}.Debug|x86.Build.0 = Debug|Any CPU
		{6B7E547F-EE4D-E3C5-5624-7CC78D73AA62}.Release|Any CPU.ActiveCfg = Release|Any CPU
		{6B7E547F-EE4D-E3C5-5624-7CC78D73AA62}.Release|Any CPU.Build.0 = Release|Any CPU
		{6B7E547F-EE4D-E3C5-5624-7CC78D73AA62}.Release|x64.ActiveCfg = Release|Any CPU
		{6B7E547F-EE4D-E3C5-5624-7CC78D73AA62}.Release|x64.Build.0 = Release|Any CPU
		{6B7E547F-EE4D-E3C5-5624-7CC78D73AA62}.Release|x86.ActiveCfg = Release|Any CPU
		{6B7E547F-EE4D-E3C5-5624-7CC78D73AA62}.Release|x86.Build.0 = Release|Any CPU
		{54EA81E8-883F-6ED2-025F-097FCCD6BA88}.Debug|Any CPU.ActiveCfg = Debug|Any CPU
		{54EA81E8-883F-6ED2-025F-097FCCD6BA88}.Debug|Any CPU.Build.0 = Debug|Any CPU
		{54EA81E8-883F-6ED2-025F-097FCCD6BA88}.Debug|x64.ActiveCfg = Debug|Any CPU
		{54EA81E8-883F-6ED2-025F-097FCCD6BA88}.Debug|x64.Build.0 = Debug|Any CPU
		{54EA81E8-883F-6ED2-025F-097FCCD6BA88}.Debug|x86.ActiveCfg = Debug|Any CPU
		{54EA81E8-883F-6ED2-025F-097FCCD6BA88}.Debug|x86.Build.0 = Debug|Any CPU
		{54EA81E8-883F-6ED2-025F-097FCCD6BA88}.Release|Any CPU.ActiveCfg = Release|Any CPU
		{54EA81E8-883F-6ED2-025F-097FCCD6BA88}.Release|Any CPU.Build.0 = Release|Any CPU
		{54EA81E8-883F-6ED2-025F-097FCCD6BA88}.Release|x64.ActiveCfg = Release|Any CPU
		{54EA81E8-883F-6ED2-025F-097FCCD6BA88}.Release|x64.Build.0 = Release|Any CPU
		{54EA81E8-883F-6ED2-025F-097FCCD6BA88}.Release|x86.ActiveCfg = Release|Any CPU
		{54EA81E8-883F-6ED2-025F-097FCCD6BA88}.Release|x86.Build.0 = Release|Any CPU
		{D4DE3848-2B8B-2C1C-04CF-35736ACE1296}.Debug|Any CPU.ActiveCfg = Debug|Any CPU
		{D4DE3848-2B8B-2C1C-04CF-35736ACE1296}.Debug|Any CPU.Build.0 = Debug|Any CPU
		{D4DE3848-2B8B-2C1C-04CF-35736ACE1296}.Debug|x64.ActiveCfg = Debug|Any CPU
		{D4DE3848-2B8B-2C1C-04CF-35736ACE1296}.Debug|x64.Build.0 = Debug|Any CPU
		{D4DE3848-2B8B-2C1C-04CF-35736ACE1296}.Debug|x86.ActiveCfg = Debug|Any CPU
		{D4DE3848-2B8B-2C1C-04CF-35736ACE1296}.Debug|x86.Build.0 = Debug|Any CPU
		{D4DE3848-2B8B-2C1C-04CF-35736ACE1296}.Release|Any CPU.ActiveCfg = Release|Any CPU
		{D4DE3848-2B8B-2C1C-04CF-35736ACE1296}.Release|Any CPU.Build.0 = Release|Any CPU
		{D4DE3848-2B8B-2C1C-04CF-35736ACE1296}.Release|x64.ActiveCfg = Release|Any CPU
		{D4DE3848-2B8B-2C1C-04CF-35736ACE1296}.Release|x64.Build.0 = Release|Any CPU
		{D4DE3848-2B8B-2C1C-04CF-35736ACE1296}.Release|x86.ActiveCfg = Release|Any CPU
		{D4DE3848-2B8B-2C1C-04CF-35736ACE1296}.Release|x86.Build.0 = Release|Any CPU
		{2B5F9FD5-5E97-77CB-F304-788A1054E309}.Debug|Any CPU.ActiveCfg = Debug|Any CPU
		{2B5F9FD5-5E97-77CB-F304-788A1054E309}.Debug|Any CPU.Build.0 = Debug|Any CPU
		{2B5F9FD5-5E97-77CB-F304-788A1054E309}.Debug|x64.ActiveCfg = Debug|Any CPU
		{2B5F9FD5-5E97-77CB-F304-788A1054E309}.Debug|x64.Build.0 = Debug|Any CPU
		{2B5F9FD5-5E97-77CB-F304-788A1054E309}.Debug|x86.ActiveCfg = Debug|Any CPU
		{2B5F9FD5-5E97-77CB-F304-788A1054E309}.Debug|x86.Build.0 = Debug|Any CPU
		{2B5F9FD5-5E97-77CB-F304-788A1054E309}.Release|Any CPU.ActiveCfg = Release|Any CPU
		{2B5F9FD5-5E97-77CB-F304-788A1054E309}.Release|Any CPU.Build.0 = Release|Any CPU
		{2B5F9FD5-5E97-77CB-F304-788A1054E309}.Release|x64.ActiveCfg = Release|Any CPU
		{2B5F9FD5-5E97-77CB-F304-788A1054E309}.Release|x64.Build.0 = Release|Any CPU
		{2B5F9FD5-5E97-77CB-F304-788A1054E309}.Release|x86.ActiveCfg = Release|Any CPU
		{2B5F9FD5-5E97-77CB-F304-788A1054E309}.Release|x86.Build.0 = Release|Any CPU
		{E474CD4C-9BF6-E439-64AF-819CA2F2C8C7}.Debug|Any CPU.ActiveCfg = Debug|Any CPU
		{E474CD4C-9BF6-E439-64AF-819CA2F2C8C7}.Debug|Any CPU.Build.0 = Debug|Any CPU
		{E474CD4C-9BF6-E439-64AF-819CA2F2C8C7}.Debug|x64.ActiveCfg = Debug|Any CPU
		{E474CD4C-9BF6-E439-64AF-819CA2F2C8C7}.Debug|x64.Build.0 = Debug|Any CPU
		{E474CD4C-9BF6-E439-64AF-819CA2F2C8C7}.Debug|x86.ActiveCfg = Debug|Any CPU
		{E474CD4C-9BF6-E439-64AF-819CA2F2C8C7}.Debug|x86.Build.0 = Debug|Any CPU
		{E474CD4C-9BF6-E439-64AF-819CA2F2C8C7}.Release|Any CPU.ActiveCfg = Release|Any CPU
		{E474CD4C-9BF6-E439-64AF-819CA2F2C8C7}.Release|Any CPU.Build.0 = Release|Any CPU
		{E474CD4C-9BF6-E439-64AF-819CA2F2C8C7}.Release|x64.ActiveCfg = Release|Any CPU
		{E474CD4C-9BF6-E439-64AF-819CA2F2C8C7}.Release|x64.Build.0 = Release|Any CPU
		{E474CD4C-9BF6-E439-64AF-819CA2F2C8C7}.Release|x86.ActiveCfg = Release|Any CPU
		{E474CD4C-9BF6-E439-64AF-819CA2F2C8C7}.Release|x86.Build.0 = Release|Any CPU
		{8CDEBF86-01A2-1802-2A19-521D2E609E96}.Debug|Any CPU.ActiveCfg = Debug|Any CPU
		{8CDEBF86-01A2-1802-2A19-521D2E609E96}.Debug|Any CPU.Build.0 = Debug|Any CPU
		{8CDEBF86-01A2-1802-2A19-521D2E609E96}.Debug|x64.ActiveCfg = Debug|Any CPU
		{8CDEBF86-01A2-1802-2A19-521D2E609E96}.Debug|x64.Build.0 = Debug|Any CPU
		{8CDEBF86-01A2-1802-2A19-521D2E609E96}.Debug|x86.ActiveCfg = Debug|Any CPU
		{8CDEBF86-01A2-1802-2A19-521D2E609E96}.Debug|x86.Build.0 = Debug|Any CPU
		{8CDEBF86-01A2-1802-2A19-521D2E609E96}.Release|Any CPU.ActiveCfg = Release|Any CPU
		{8CDEBF86-01A2-1802-2A19-521D2E609E96}.Release|Any CPU.Build.0 = Release|Any CPU
		{8CDEBF86-01A2-1802-2A19-521D2E609E96}.Release|x64.ActiveCfg = Release|Any CPU
		{8CDEBF86-01A2-1802-2A19-521D2E609E96}.Release|x64.Build.0 = Release|Any CPU
		{8CDEBF86-01A2-1802-2A19-521D2E609E96}.Release|x86.ActiveCfg = Release|Any CPU
		{8CDEBF86-01A2-1802-2A19-521D2E609E96}.Release|x86.Build.0 = Release|Any CPU
		{2B26E7F8-5F26-9B8C-3941-26F4CB8FD689}.Debug|Any CPU.ActiveCfg = Debug|Any CPU
		{2B26E7F8-5F26-9B8C-3941-26F4CB8FD689}.Debug|Any CPU.Build.0 = Debug|Any CPU
		{2B26E7F8-5F26-9B8C-3941-26F4CB8FD689}.Debug|x64.ActiveCfg = Debug|Any CPU
		{2B26E7F8-5F26-9B8C-3941-26F4CB8FD689}.Debug|x64.Build.0 = Debug|Any CPU
		{2B26E7F8-5F26-9B8C-3941-26F4CB8FD689}.Debug|x86.ActiveCfg = Debug|Any CPU
		{2B26E7F8-5F26-9B8C-3941-26F4CB8FD689}.Debug|x86.Build.0 = Debug|Any CPU
		{2B26E7F8-5F26-9B8C-3941-26F4CB8FD689}.Release|Any CPU.ActiveCfg = Release|Any CPU
		{2B26E7F8-5F26-9B8C-3941-26F4CB8FD689}.Release|Any CPU.Build.0 = Release|Any CPU
		{2B26E7F8-5F26-9B8C-3941-26F4CB8FD689}.Release|x64.ActiveCfg = Release|Any CPU
		{2B26E7F8-5F26-9B8C-3941-26F4CB8FD689}.Release|x64.Build.0 = Release|Any CPU
		{2B26E7F8-5F26-9B8C-3941-26F4CB8FD689}.Release|x86.ActiveCfg = Release|Any CPU
		{2B26E7F8-5F26-9B8C-3941-26F4CB8FD689}.Release|x86.Build.0 = Release|Any CPU
		{7A32A0DA-DE0D-DC63-CCBD-28FB71EE6460}.Debug|Any CPU.ActiveCfg = Debug|Any CPU
		{7A32A0DA-DE0D-DC63-CCBD-28FB71EE6460}.Debug|Any CPU.Build.0 = Debug|Any CPU
		{7A32A0DA-DE0D-DC63-CCBD-28FB71EE6460}.Debug|x64.ActiveCfg = Debug|Any CPU
		{7A32A0DA-DE0D-DC63-CCBD-28FB71EE6460}.Debug|x64.Build.0 = Debug|Any CPU
		{7A32A0DA-DE0D-DC63-CCBD-28FB71EE6460}.Debug|x86.ActiveCfg = Debug|Any CPU
		{7A32A0DA-DE0D-DC63-CCBD-28FB71EE6460}.Debug|x86.Build.0 = Debug|Any CPU
		{7A32A0DA-DE0D-DC63-CCBD-28FB71EE6460}.Release|Any CPU.ActiveCfg = Release|Any CPU
		{7A32A0DA-DE0D-DC63-CCBD-28FB71EE6460}.Release|Any CPU.Build.0 = Release|Any CPU
		{7A32A0DA-DE0D-DC63-CCBD-28FB71EE6460}.Release|x64.ActiveCfg = Release|Any CPU
		{7A32A0DA-DE0D-DC63-CCBD-28FB71EE6460}.Release|x64.Build.0 = Release|Any CPU
		{7A32A0DA-DE0D-DC63-CCBD-28FB71EE6460}.Release|x86.ActiveCfg = Release|Any CPU
		{7A32A0DA-DE0D-DC63-CCBD-28FB71EE6460}.Release|x86.Build.0 = Release|Any CPU
		{9396E5F6-B9E6-C480-4EEC-297EF500F959}.Debug|Any CPU.ActiveCfg = Debug|Any CPU
		{9396E5F6-B9E6-C480-4EEC-297EF500F959}.Debug|Any CPU.Build.0 = Debug|Any CPU
		{9396E5F6-B9E6-C480-4EEC-297EF500F959}.Debug|x64.ActiveCfg = Debug|Any CPU
		{9396E5F6-B9E6-C480-4EEC-297EF500F959}.Debug|x64.Build.0 = Debug|Any CPU
		{9396E5F6-B9E6-C480-4EEC-297EF500F959}.Debug|x86.ActiveCfg = Debug|Any CPU
		{9396E5F6-B9E6-C480-4EEC-297EF500F959}.Debug|x86.Build.0 = Debug|Any CPU
		{9396E5F6-B9E6-C480-4EEC-297EF500F959}.Release|Any CPU.ActiveCfg = Release|Any CPU
		{9396E5F6-B9E6-C480-4EEC-297EF500F959}.Release|Any CPU.Build.0 = Release|Any CPU
		{9396E5F6-B9E6-C480-4EEC-297EF500F959}.Release|x64.ActiveCfg = Release|Any CPU
		{9396E5F6-B9E6-C480-4EEC-297EF500F959}.Release|x64.Build.0 = Release|Any CPU
		{9396E5F6-B9E6-C480-4EEC-297EF500F959}.Release|x86.ActiveCfg = Release|Any CPU
		{9396E5F6-B9E6-C480-4EEC-297EF500F959}.Release|x86.Build.0 = Release|Any CPU
		{67FCFE25-EFE8-6B76-A32C-80BA2B13C98A}.Debug|Any CPU.ActiveCfg = Debug|Any CPU
		{67FCFE25-EFE8-6B76-A32C-80BA2B13C98A}.Debug|Any CPU.Build.0 = Debug|Any CPU
		{67FCFE25-EFE8-6B76-A32C-80BA2B13C98A}.Debug|x64.ActiveCfg = Debug|Any CPU
		{67FCFE25-EFE8-6B76-A32C-80BA2B13C98A}.Debug|x64.Build.0 = Debug|Any CPU
		{67FCFE25-EFE8-6B76-A32C-80BA2B13C98A}.Debug|x86.ActiveCfg = Debug|Any CPU
		{67FCFE25-EFE8-6B76-A32C-80BA2B13C98A}.Debug|x86.Build.0 = Debug|Any CPU
		{67FCFE25-EFE8-6B76-A32C-80BA2B13C98A}.Release|Any CPU.ActiveCfg = Release|Any CPU
		{67FCFE25-EFE8-6B76-A32C-80BA2B13C98A}.Release|Any CPU.Build.0 = Release|Any CPU
		{67FCFE25-EFE8-6B76-A32C-80BA2B13C98A}.Release|x64.ActiveCfg = Release|Any CPU
		{67FCFE25-EFE8-6B76-A32C-80BA2B13C98A}.Release|x64.Build.0 = Release|Any CPU
		{67FCFE25-EFE8-6B76-A32C-80BA2B13C98A}.Release|x86.ActiveCfg = Release|Any CPU
		{67FCFE25-EFE8-6B76-A32C-80BA2B13C98A}.Release|x86.Build.0 = Release|Any CPU
		{445544B8-5396-45F6-A7A8-8C4D8BF49682}.Debug|Any CPU.ActiveCfg = Debug|Any CPU
		{445544B8-5396-45F6-A7A8-8C4D8BF49682}.Debug|Any CPU.Build.0 = Debug|Any CPU
		{445544B8-5396-45F6-A7A8-8C4D8BF49682}.Debug|x64.ActiveCfg = Debug|Any CPU
		{445544B8-5396-45F6-A7A8-8C4D8BF49682}.Debug|x64.Build.0 = Debug|Any CPU
		{445544B8-5396-45F6-A7A8-8C4D8BF49682}.Debug|x86.ActiveCfg = Debug|Any CPU
		{445544B8-5396-45F6-A7A8-8C4D8BF49682}.Debug|x86.Build.0 = Debug|Any CPU
		{445544B8-5396-45F6-A7A8-8C4D8BF49682}.Release|Any CPU.ActiveCfg = Release|Any CPU
		{445544B8-5396-45F6-A7A8-8C4D8BF49682}.Release|Any CPU.Build.0 = Release|Any CPU
		{445544B8-5396-45F6-A7A8-8C4D8BF49682}.Release|x64.ActiveCfg = Release|Any CPU
		{445544B8-5396-45F6-A7A8-8C4D8BF49682}.Release|x64.Build.0 = Release|Any CPU
		{445544B8-5396-45F6-A7A8-8C4D8BF49682}.Release|x86.ActiveCfg = Release|Any CPU
		{445544B8-5396-45F6-A7A8-8C4D8BF49682}.Release|x86.Build.0 = Release|Any CPU
		{7CFDFA9C-4378-4619-9744-5AA25D6B44DC}.Debug|Any CPU.ActiveCfg = Debug|Any CPU
		{7CFDFA9C-4378-4619-9744-5AA25D6B44DC}.Debug|Any CPU.Build.0 = Debug|Any CPU
		{7CFDFA9C-4378-4619-9744-5AA25D6B44DC}.Debug|x64.ActiveCfg = Debug|Any CPU
		{7CFDFA9C-4378-4619-9744-5AA25D6B44DC}.Debug|x64.Build.0 = Debug|Any CPU
		{7CFDFA9C-4378-4619-9744-5AA25D6B44DC}.Debug|x86.ActiveCfg = Debug|Any CPU
		{7CFDFA9C-4378-4619-9744-5AA25D6B44DC}.Debug|x86.Build.0 = Debug|Any CPU
		{7CFDFA9C-4378-4619-9744-5AA25D6B44DC}.Release|Any CPU.ActiveCfg = Release|Any CPU
		{7CFDFA9C-4378-4619-9744-5AA25D6B44DC}.Release|Any CPU.Build.0 = Release|Any CPU
		{7CFDFA9C-4378-4619-9744-5AA25D6B44DC}.Release|x64.ActiveCfg = Release|Any CPU
		{7CFDFA9C-4378-4619-9744-5AA25D6B44DC}.Release|x64.Build.0 = Release|Any CPU
		{7CFDFA9C-4378-4619-9744-5AA25D6B44DC}.Release|x86.ActiveCfg = Release|Any CPU
		{7CFDFA9C-4378-4619-9744-5AA25D6B44DC}.Release|x86.Build.0 = Release|Any CPU
	EndGlobalSection
	GlobalSection(SolutionProperties) = preSolution
		HideSolutionNode = FALSE
	EndGlobalSection
	GlobalSection(NestedProjects) = preSolution
		{13AACEBB-5F00-79C1-2D14-6EA8B5DDD1FE} = {71E6E750-85FD-B5BC-4321-E01377EC6231}
		{8342BE25-E796-38F2-CB7B-0DB5AE423C10} = {13AACEBB-5F00-79C1-2D14-6EA8B5DDD1FE}
		{D90AB541-7400-80B1-A0B4-F58D0D439F55} = {71E6E750-85FD-B5BC-4321-E01377EC6231}
		{3E83880C-9CB7-610F-0438-64B1A8E75897} = {D90AB541-7400-80B1-A0B4-F58D0D439F55}
		{850BF7EB-843F-EBAF-ADBA-FCCE81C1D78F} = {D90AB541-7400-80B1-A0B4-F58D0D439F55}
		{139829D4-7C10-6727-8B80-CE14E353FDF5} = {D90AB541-7400-80B1-A0B4-F58D0D439F55}
		{956915C5-AD76-FEBD-2811-D3918059B955} = {D90AB541-7400-80B1-A0B4-F58D0D439F55}
		{A2245D71-60C0-60EE-B8F0-6F8BFAF12047} = {D90AB541-7400-80B1-A0B4-F58D0D439F55}
		{D340DFCB-9C56-187A-4C0C-F06E31E9F92F} = {D90AB541-7400-80B1-A0B4-F58D0D439F55}
		{9A12A9FA-12BD-A826-E58E-47622BD53296} = {D90AB541-7400-80B1-A0B4-F58D0D439F55}
		{5582BD35-C929-57DD-B6E4-1310850F6397} = {13AACEBB-5F00-79C1-2D14-6EA8B5DDD1FE}
		{92E99A34-0E04-C709-0627-BAA9A6EE928A} = {5582BD35-C929-57DD-B6E4-1310850F6397}
		{6F533397-BBD9-0336-3CAE-F495370BE38B} = {13AACEBB-5F00-79C1-2D14-6EA8B5DDD1FE}
		{13F86938-B80C-7DF0-AF6E-9A6948745582} = {6F533397-BBD9-0336-3CAE-F495370BE38B}
		{C1D486EE-EA64-90EF-7B05-C1DDFCF4D57D} = {6F533397-BBD9-0336-3CAE-F495370BE38B}
		{FD71D200-A606-42CC-59F0-431FE2BCED15} = {C1D486EE-EA64-90EF-7B05-C1DDFCF4D57D}
		{D4940822-8CCD-A00D-B363-AA1F29BDEDF4} = {71E6E750-85FD-B5BC-4321-E01377EC6231}
		{60FADB55-0053-2270-2CC9-BA1C5BAD72E6} = {D4940822-8CCD-A00D-B363-AA1F29BDEDF4}
		{422AE2D3-DA05-2643-985E-5FCE5985ADAF} = {60FADB55-0053-2270-2CC9-BA1C5BAD72E6}
		{4B21AFD1-D329-9589-6F6F-3D6D7C00E247} = {422AE2D3-DA05-2643-985E-5FCE5985ADAF}
		{C057B1D3-1437-8B64-8D59-3C4D2E2A5A86} = {D4940822-8CCD-A00D-B363-AA1F29BDEDF4}
		{0133DCE3-92C5-979C-6197-2B2A5130278E} = {C057B1D3-1437-8B64-8D59-3C4D2E2A5A86}
		{2590D9B5-418E-D410-AB16-18C3998792E9} = {C057B1D3-1437-8B64-8D59-3C4D2E2A5A86}
		{3B284666-C917-1CEA-8C30-E4C324BCF481} = {C057B1D3-1437-8B64-8D59-3C4D2E2A5A86}
		{BDBCF726-FB59-1299-EE19-7FCFE4A0EE71} = {C057B1D3-1437-8B64-8D59-3C4D2E2A5A86}
		{3158B38E-7472-A3E6-5C0C-F268A4B56676} = {C057B1D3-1437-8B64-8D59-3C4D2E2A5A86}
		{F4E7E3D6-B87D-0C7F-EA17-EF9C3DFB33D8} = {C057B1D3-1437-8B64-8D59-3C4D2E2A5A86}
		{6B7E547F-EE4D-E3C5-5624-7CC78D73AA62} = {C057B1D3-1437-8B64-8D59-3C4D2E2A5A86}
		{54EA81E8-883F-6ED2-025F-097FCCD6BA88} = {C057B1D3-1437-8B64-8D59-3C4D2E2A5A86}
		{D4DE3848-2B8B-2C1C-04CF-35736ACE1296} = {C057B1D3-1437-8B64-8D59-3C4D2E2A5A86}
		{2B5F9FD5-5E97-77CB-F304-788A1054E309} = {C057B1D3-1437-8B64-8D59-3C4D2E2A5A86}
		{E474CD4C-9BF6-E439-64AF-819CA2F2C8C7} = {C057B1D3-1437-8B64-8D59-3C4D2E2A5A86}
		{8CDEBF86-01A2-1802-2A19-521D2E609E96} = {C057B1D3-1437-8B64-8D59-3C4D2E2A5A86}
		{2E70E204-8799-FF91-BF54-810848B0ABE3} = {D90AB541-7400-80B1-A0B4-F58D0D439F55}
		{2B26E7F8-5F26-9B8C-3941-26F4CB8FD689} = {2E70E204-8799-FF91-BF54-810848B0ABE3}
		{7A32A0DA-DE0D-DC63-CCBD-28FB71EE6460} = {2E70E204-8799-FF91-BF54-810848B0ABE3}
		{9396E5F6-B9E6-C480-4EEC-297EF500F959} = {2E70E204-8799-FF91-BF54-810848B0ABE3}
		{67FCFE25-EFE8-6B76-A32C-80BA2B13C98A} = {2E70E204-8799-FF91-BF54-810848B0ABE3}
		{445544B8-5396-45F6-A7A8-8C4D8BF49682} = {D90AB541-7400-80B1-A0B4-F58D0D439F55}
		{7CFDFA9C-4378-4619-9744-5AA25D6B44DC} = {D90AB541-7400-80B1-A0B4-F58D0D439F55}
	EndGlobalSection
	GlobalSection(ExtensibilityGlobals) = postSolution
		SolutionGuid = {BF73B15F-524B-4842-9510-E54B103B33CC}
	EndGlobalSection
EndGlobal
