
Microsoft Visual Studio Solution File, Format Version 12.00
# Visual Studio Version 17
VisualStudioVersion = 17.5.2.0
MinimumVisualStudioVersion = 10.0.40219.1
Project("{2150E333-8FDC-42A3-9474-1A3956D46DE8}") = "dotnet", "dotnet", "{71E6E750-85FD-B5BC-4321-E01377EC6231}"
EndProject
Project("{2150E333-8FDC-42A3-9474-1A3956D46DE8}") = "tests", "tests", "{13AACEBB-5F00-79C1-2D14-6EA8B5DDD1FE}"
EndProject
Project("{FAE04EC0-301F-11D3-BF4B-00C04F79EFBC}") = "Microsoft.Agents.Client.Tests", "dotnet\tests\Microsoft.Agents.Client.Tests\Microsoft.Agents.Client.Tests.csproj", "{8342BE25-E796-38F2-CB7B-0DB5AE423C10}"
EndProject
Project("{2150E333-8FDC-42A3-9474-1A3956D46DE8}") = "src", "src", "{D90AB541-7400-80B1-A0B4-F58D0D439F55}"
EndProject
Project("{2150E333-8FDC-42A3-9474-1A3956D46DE8}") = "Microsoft.Agents.Protocol.Xml.Tests", "Microsoft.Agents.Protocol.Xml.Tests", "{6F533397-BBD9-0336-3CAE-F495370BE38B}"
EndProject
Project("{FAE04EC0-301F-11D3-BF4B-00C04F79EFBC}") = "Microsoft.Agents.Protocol.Xml.Validation.Tests", "dotnet\tests\Microsoft.Agents.Protocol.Xml.Tests\Microsoft.Agents.Protocol.Xml.Validation.Tests\Microsoft.Agents.Protocol.Xml.Validation.Tests.csproj", "{13F86938-B80C-7DF0-AF6E-9A6948745582}"
EndProject
Project("{2150E333-8FDC-42A3-9474-1A3956D46DE8}") = "AgentXml.CodeGen.Tests", "AgentXml.CodeGen.Tests", "{C1D486EE-EA64-90EF-7B05-C1DDFCF4D57D}"
EndProject
Project("{FAE04EC0-301F-11D3-BF4B-00C04F79EFBC}") = "Microsoft.Agents.Protocol.Xml.Tests", "dotnet\tests\Microsoft.Agents.Protocol.Xml.Tests\AgentXml.CodeGen.Tests\Microsoft.Agents.Protocol.Xml.Tests.csproj", "{FD71D200-A606-42CC-59F0-431FE2BCED15}"
EndProject
Project("{FAE04EC0-301F-11D3-BF4B-00C04F79EFBC}") = "Microsoft.Agents.Protocol.Hosting", "dotnet\src\Microsoft.Agents.Protocol.Hosting\Microsoft.Agents.Protocol.Hosting.csproj", "{445544B8-5396-45F6-A7A8-8C4D8BF49682}"
EndProject
Project("{FAE04EC0-301F-11D3-BF4B-00C04F79EFBC}") = "Microsoft.Agents.Protocol.Abstractions", "dotnet\src\Microsoft.Agents.Protocol.Abstractions\Microsoft.Agents.Protocol.Abstractions.csproj", "{7CFDFA9C-4378-4619-9744-5AA25D6B44DC}"
EndProject
Project("{2150E333-8FDC-42A3-9474-1A3956D46DE8}") = "samples", "samples", "{D4940822-8CCD-A00D-B363-AA1F29BDEDF4}"
EndProject
Project("{2150E333-8FDC-42A3-9474-1A3956D46DE8}") = "agents", "agents", "{60FADB55-0053-2270-2CC9-BA1C5BAD72E6}"
EndProject
Project("{FAE04EC0-301F-11D3-BF4B-00C04F79EFBC}") = "BasicM365Agent", "dotnet\samples\agents\BasicM365Agent\BasicM365Agent.csproj", "{E67A029E-46F2-4D01-AA43-E9C236C86307}"
EndProject
Project("{FAE04EC0-301F-11D3-BF4B-00C04F79EFBC}") = "EchoM365", "dotnet\samples\agents\EchoM365\EchoM365.csproj", "{A5FF46DC-197C-4D31-8BE8-AC20ABD68126}"
EndProject
Project("{FAE04EC0-301F-11D3-BF4B-00C04F79EFBC}") = "EmojiChatBot", "dotnet\samples\agents\EmojiChatBot\EmojiChatBot.csproj", "{0E914921-1300-4A18-99D3-6BF055D14198}"
EndProject
Project("{FAE04EC0-301F-11D3-BF4B-00C04F79EFBC}") = "Microsoft.Agents.CodeGen", "dotnet\src\Microsoft.Agents.CodeGen\Microsoft.Agents.CodeGen.csproj", "{A7A6CC03-7F53-4A7B-9106-8EF6DE3C6794}"
EndProject
Project("{FAE04EC0-301F-11D3-BF4B-00C04F79EFBC}") = "Microsoft.Agents.Protocol.Client", "dotnet\src\Microsoft.Agents.Protocol.Client\Microsoft.Agents.Protocol.Client.csproj", "{F88C5406-48EA-4892-B43E-F39400467EBF}"
EndProject
Project("{FAE04EC0-301F-11D3-BF4B-00C04F79EFBC}") = "Microsoft.Agents.Protocol.Model", "dotnet\src\Microsoft.Agents.Protocol.Model\Microsoft.Agents.Protocol.Model.csproj", "{5594A121-F023-4842-AA08-368D0A62FA1B}"
EndProject
Project("{FAE04EC0-301F-11D3-BF4B-00C04F79EFBC}") = "Microsoft.Agents.Protocol.Model.OpenAI", "dotnet\src\Microsoft.Agents.Protocol.Model.OpenAI\Microsoft.Agents.Protocol.Model.OpenAI.csproj", "{7858DE67-8F36-49FF-972D-FC82D1FE11D0}"
EndProject
Project("{FAE04EC0-301F-11D3-BF4B-00C04F79EFBC}") = "Microsoft.Agents.Protocol.Model.Testing", "dotnet\src\Microsoft.Agents.Protocol.Model.Testing\Microsoft.Agents.Protocol.Model.Testing.csproj", "{7C57BCE4-D4AD-48B2-9E1B-C863120AA7C8}"
EndProject
Project("{FAE04EC0-301F-11D3-BF4B-00C04F79EFBC}") = "Microsoft.Agents.Protocol.Validation", "dotnet\src\Microsoft.Agents.Protocol.Validation\Microsoft.Agents.Protocol.Validation.csproj", "{8956F27A-C2A2-4992-89FE-C47C90414CE4}"
EndProject
Project("{FAE04EC0-301F-11D3-BF4B-00C04F79EFBC}") = "Microsoft.Agents.Protocol.Xml", "dotnet\src\Microsoft.Agents.Protocol.Xml\Microsoft.Agents.Protocol.Xml.csproj", "{6F2D1F1E-F4E8-4701-A9BF-CFF87293D79E}"
EndProject
Project("{FAE04EC0-301F-11D3-BF4B-00C04F79EFBC}") = "BasicM365Agent.Tests", "dotnet\tests\BasicM365Agent.Tests\BasicM365Agent.Tests.csproj", "{A1743287-C39F-4A92-92FD-077CF5A8541C}"
EndProject
Project("{FAE04EC0-301F-11D3-BF4B-00C04F79EFBC}") = "Microsoft.Agents.Protocol.Tests", "dotnet\tests\Microsoft.Agents.Protocol.Tests\Microsoft.Agents.Protocol.Tests.csproj", "{43068428-7F9B-40CC-89EF-05C3A17268EB}"
EndProject
Global
	GlobalSection(SolutionConfigurationPlatforms) = preSolution
		Debug|Any CPU = Debug|Any CPU
		Debug|x64 = Debug|x64
		Debug|x86 = Debug|x86
		Release|Any CPU = Release|Any CPU
		Release|x64 = Release|x64
		Release|x86 = Release|x86
	EndGlobalSection
	GlobalSection(ProjectConfigurationPlatforms) = postSolution
		{8342BE25-E796-38F2-CB7B-0DB5AE423C10}.Debug|Any CPU.ActiveCfg = Debug|Any CPU
		{8342BE25-E796-38F2-CB7B-0DB5AE423C10}.Debug|Any CPU.Build.0 = Debug|Any CPU
		{8342BE25-E796-38F2-CB7B-0DB5AE423C10}.Debug|x64.ActiveCfg = Debug|Any CPU
		{8342BE25-E796-38F2-CB7B-0DB5AE423C10}.Debug|x64.Build.0 = Debug|Any CPU
		{8342BE25-E796-38F2-CB7B-0DB5AE423C10}.Debug|x86.ActiveCfg = Debug|Any CPU
		{8342BE25-E796-38F2-CB7B-0DB5AE423C10}.Debug|x86.Build.0 = Debug|Any CPU
		{8342BE25-E796-38F2-CB7B-0DB5AE423C10}.Release|Any CPU.ActiveCfg = Release|Any CPU
		{8342BE25-E796-38F2-CB7B-0DB5AE423C10}.Release|Any CPU.Build.0 = Release|Any CPU
		{8342BE25-E796-38F2-CB7B-0DB5AE423C10}.Release|x64.ActiveCfg = Release|Any CPU
		{8342BE25-E796-38F2-CB7B-0DB5AE423C10}.Release|x64.Build.0 = Release|Any CPU
		{8342BE25-E796-38F2-CB7B-0DB5AE423C10}.Release|x86.ActiveCfg = Release|Any CPU
		{8342BE25-E796-38F2-CB7B-0DB5AE423C10}.Release|x86.Build.0 = Release|Any CPU
		{13F86938-B80C-7DF0-AF6E-9A6948745582}.Debug|Any CPU.ActiveCfg = Debug|Any CPU
		{13F86938-B80C-7DF0-AF6E-9A6948745582}.Debug|Any CPU.Build.0 = Debug|Any CPU
		{13F86938-B80C-7DF0-AF6E-9A6948745582}.Debug|x64.ActiveCfg = Debug|Any CPU
		{13F86938-B80C-7DF0-AF6E-9A6948745582}.Debug|x64.Build.0 = Debug|Any CPU
		{13F86938-B80C-7DF0-AF6E-9A6948745582}.Debug|x86.ActiveCfg = Debug|Any CPU
		{13F86938-B80C-7DF0-AF6E-9A6948745582}.Debug|x86.Build.0 = Debug|Any CPU
		{13F86938-B80C-7DF0-AF6E-9A6948745582}.Release|Any CPU.ActiveCfg = Release|Any CPU
		{13F86938-B80C-7DF0-AF6E-9A6948745582}.Release|Any CPU.Build.0 = Release|Any CPU
		{13F86938-B80C-7DF0-AF6E-9A6948745582}.Release|x64.ActiveCfg = Release|Any CPU
		{13F86938-B80C-7DF0-AF6E-9A6948745582}.Release|x64.Build.0 = Release|Any CPU
		{13F86938-B80C-7DF0-AF6E-9A6948745582}.Release|x86.ActiveCfg = Release|Any CPU
		{13F86938-B80C-7DF0-AF6E-9A6948745582}.Release|x86.Build.0 = Release|Any CPU
		{FD71D200-A606-42CC-59F0-431FE2BCED15}.Debug|Any CPU.ActiveCfg = Debug|Any CPU
		{FD71D200-A606-42CC-59F0-431FE2BCED15}.Debug|Any CPU.Build.0 = Debug|Any CPU
		{FD71D200-A606-42CC-59F0-431FE2BCED15}.Debug|x64.ActiveCfg = Debug|Any CPU
		{FD71D200-A606-42CC-59F0-431FE2BCED15}.Debug|x64.Build.0 = Debug|Any CPU
		{FD71D200-A606-42CC-59F0-431FE2BCED15}.Debug|x86.ActiveCfg = Debug|Any CPU
		{FD71D200-A606-42CC-59F0-431FE2BCED15}.Debug|x86.Build.0 = Debug|Any CPU
		{FD71D200-A606-42CC-59F0-431FE2BCED15}.Release|Any CPU.ActiveCfg = Release|Any CPU
		{FD71D200-A606-42CC-59F0-431FE2BCED15}.Release|Any CPU.Build.0 = Release|Any CPU
		{FD71D200-A606-42CC-59F0-431FE2BCED15}.Release|x64.ActiveCfg = Release|Any CPU
		{FD71D200-A606-42CC-59F0-431FE2BCED15}.Release|x64.Build.0 = Release|Any CPU
		{FD71D200-A606-42CC-59F0-431FE2BCED15}.Release|x86.ActiveCfg = Release|Any CPU
		{FD71D200-A606-42CC-59F0-431FE2BCED15}.Release|x86.Build.0 = Release|Any CPU
		{445544B8-5396-45F6-A7A8-8C4D8BF49682}.Debug|Any CPU.ActiveCfg = Debug|Any CPU
		{445544B8-5396-45F6-A7A8-8C4D8BF49682}.Debug|Any CPU.Build.0 = Debug|Any CPU
		{445544B8-5396-45F6-A7A8-8C4D8BF49682}.Debug|x64.ActiveCfg = Debug|Any CPU
		{445544B8-5396-45F6-A7A8-8C4D8BF49682}.Debug|x64.Build.0 = Debug|Any CPU
		{445544B8-5396-45F6-A7A8-8C4D8BF49682}.Debug|x86.ActiveCfg = Debug|Any CPU
		{445544B8-5396-45F6-A7A8-8C4D8BF49682}.Debug|x86.Build.0 = Debug|Any CPU
		{445544B8-5396-45F6-A7A8-8C4D8BF49682}.Release|Any CPU.ActiveCfg = Release|Any CPU
		{445544B8-5396-45F6-A7A8-8C4D8BF49682}.Release|Any CPU.Build.0 = Release|Any CPU
		{445544B8-5396-45F6-A7A8-8C4D8BF49682}.Release|x64.ActiveCfg = Release|Any CPU
		{445544B8-5396-45F6-A7A8-8C4D8BF49682}.Release|x64.Build.0 = Release|Any CPU
		{445544B8-5396-45F6-A7A8-8C4D8BF49682}.Release|x86.ActiveCfg = Release|Any CPU
		{445544B8-5396-45F6-A7A8-8C4D8BF49682}.Release|x86.Build.0 = Release|Any CPU
		{7CFDFA9C-4378-4619-9744-5AA25D6B44DC}.Debug|Any CPU.ActiveCfg = Debug|Any CPU
		{7CFDFA9C-4378-4619-9744-5AA25D6B44DC}.Debug|Any CPU.Build.0 = Debug|Any CPU
		{7CFDFA9C-4378-4619-9744-5AA25D6B44DC}.Debug|x64.ActiveCfg = Debug|Any CPU
		{7CFDFA9C-4378-4619-9744-5AA25D6B44DC}.Debug|x64.Build.0 = Debug|Any CPU
		{7CFDFA9C-4378-4619-9744-5AA25D6B44DC}.Debug|x86.ActiveCfg = Debug|Any CPU
		{7CFDFA9C-4378-4619-9744-5AA25D6B44DC}.Debug|x86.Build.0 = Debug|Any CPU
		{7CFDFA9C-4378-4619-9744-5AA25D6B44DC}.Release|Any CPU.ActiveCfg = Release|Any CPU
		{7CFDFA9C-4378-4619-9744-5AA25D6B44DC}.Release|Any CPU.Build.0 = Release|Any CPU
		{7CFDFA9C-4378-4619-9744-5AA25D6B44DC}.Release|x64.ActiveCfg = Release|Any CPU
		{7CFDFA9C-4378-4619-9744-5AA25D6B44DC}.Release|x64.Build.0 = Release|Any CPU
		{7CFDFA9C-4378-4619-9744-5AA25D6B44DC}.Release|x86.ActiveCfg = Release|Any CPU
		{7CFDFA9C-4378-4619-9744-5AA25D6B44DC}.Release|x86.Build.0 = Release|Any CPU
		{E67A029E-46F2-4D01-AA43-E9C236C86307}.Debug|Any CPU.ActiveCfg = Debug|Any CPU
		{E67A029E-46F2-4D01-AA43-E9C236C86307}.Debug|Any CPU.Build.0 = Debug|Any CPU
		{E67A029E-46F2-4D01-AA43-E9C236C86307}.Debug|x64.ActiveCfg = Debug|Any CPU
		{E67A029E-46F2-4D01-AA43-E9C236C86307}.Debug|x64.Build.0 = Debug|Any CPU
		{E67A029E-46F2-4D01-AA43-E9C236C86307}.Debug|x86.ActiveCfg = Debug|Any CPU
		{E67A029E-46F2-4D01-AA43-E9C236C86307}.Debug|x86.Build.0 = Debug|Any CPU
		{E67A029E-46F2-4D01-AA43-E9C236C86307}.Release|Any CPU.ActiveCfg = Release|Any CPU
		{E67A029E-46F2-4D01-AA43-E9C236C86307}.Release|Any CPU.Build.0 = Release|Any CPU
		{E67A029E-46F2-4D01-AA43-E9C236C86307}.Release|x64.ActiveCfg = Release|Any CPU
		{E67A029E-46F2-4D01-AA43-E9C236C86307}.Release|x64.Build.0 = Release|Any CPU
		{E67A029E-46F2-4D01-AA43-E9C236C86307}.Release|x86.ActiveCfg = Release|Any CPU
		{E67A029E-46F2-4D01-AA43-E9C236C86307}.Release|x86.Build.0 = Release|Any CPU
		{A5FF46DC-197C-4D31-8BE8-AC20ABD68126}.Debug|Any CPU.ActiveCfg = Debug|Any CPU
		{A5FF46DC-197C-4D31-8BE8-AC20ABD68126}.Debug|Any CPU.Build.0 = Debug|Any CPU
		{A5FF46DC-197C-4D31-8BE8-AC20ABD68126}.Debug|x64.ActiveCfg = Debug|Any CPU
		{A5FF46DC-197C-4D31-8BE8-AC20ABD68126}.Debug|x64.Build.0 = Debug|Any CPU
		{A5FF46DC-197C-4D31-8BE8-AC20ABD68126}.Debug|x86.ActiveCfg = Debug|Any CPU
		{A5FF46DC-197C-4D31-8BE8-AC20ABD68126}.Debug|x86.Build.0 = Debug|Any CPU
		{A5FF46DC-197C-4D31-8BE8-AC20ABD68126}.Release|Any CPU.ActiveCfg = Release|Any CPU
		{A5FF46DC-197C-4D31-8BE8-AC20ABD68126}.Release|Any CPU.Build.0 = Release|Any CPU
		{A5FF46DC-197C-4D31-8BE8-AC20ABD68126}.Release|x64.ActiveCfg = Release|Any CPU
		{A5FF46DC-197C-4D31-8BE8-AC20ABD68126}.Release|x64.Build.0 = Release|Any CPU
		{A5FF46DC-197C-4D31-8BE8-AC20ABD68126}.Release|x86.ActiveCfg = Release|Any CPU
		{A5FF46DC-197C-4D31-8BE8-AC20ABD68126}.Release|x86.Build.0 = Release|Any CPU
		{0E914921-1300-4A18-99D3-6BF055D14198}.Debug|Any CPU.ActiveCfg = Debug|Any CPU
		{0E914921-1300-4A18-99D3-6BF055D14198}.Debug|Any CPU.Build.0 = Debug|Any CPU
		{0E914921-1300-4A18-99D3-6BF055D14198}.Debug|x64.ActiveCfg = Debug|Any CPU
		{0E914921-1300-4A18-99D3-6BF055D14198}.Debug|x64.Build.0 = Debug|Any CPU
		{0E914921-1300-4A18-99D3-6BF055D14198}.Debug|x86.ActiveCfg = Debug|Any CPU
		{0E914921-1300-4A18-99D3-6BF055D14198}.Debug|x86.Build.0 = Debug|Any CPU
		{0E914921-1300-4A18-99D3-6BF055D14198}.Release|Any CPU.ActiveCfg = Release|Any CPU
		{0E914921-1300-4A18-99D3-6BF055D14198}.Release|Any CPU.Build.0 = Release|Any CPU
		{0E914921-1300-4A18-99D3-6BF055D14198}.Release|x64.ActiveCfg = Release|Any CPU
		{0E914921-1300-4A18-99D3-6BF055D14198}.Release|x64.Build.0 = Release|Any CPU
		{0E914921-1300-4A18-99D3-6BF055D14198}.Release|x86.ActiveCfg = Release|Any CPU
		{0E914921-1300-4A18-99D3-6BF055D14198}.Release|x86.Build.0 = Release|Any CPU
		{A7A6CC03-7F53-4A7B-9106-8EF6DE3C6794}.Debug|Any CPU.ActiveCfg = Debug|Any CPU
		{A7A6CC03-7F53-4A7B-9106-8EF6DE3C6794}.Debug|Any CPU.Build.0 = Debug|Any CPU
		{A7A6CC03-7F53-4A7B-9106-8EF6DE3C6794}.Debug|x64.ActiveCfg = Debug|Any CPU
		{A7A6CC03-7F53-4A7B-9106-8EF6DE3C6794}.Debug|x64.Build.0 = Debug|Any CPU
		{A7A6CC03-7F53-4A7B-9106-8EF6DE3C6794}.Debug|x86.ActiveCfg = Debug|Any CPU
		{A7A6CC03-7F53-4A7B-9106-8EF6DE3C6794}.Debug|x86.Build.0 = Debug|Any CPU
		{A7A6CC03-7F53-4A7B-9106-8EF6DE3C6794}.Release|Any CPU.ActiveCfg = Release|Any CPU
		{A7A6CC03-7F53-4A7B-9106-8EF6DE3C6794}.Release|Any CPU.Build.0 = Release|Any CPU
		{A7A6CC03-7F53-4A7B-9106-8EF6DE3C6794}.Release|x64.ActiveCfg = Release|Any CPU
		{A7A6CC03-7F53-4A7B-9106-8EF6DE3C6794}.Release|x64.Build.0 = Release|Any CPU
		{A7A6CC03-7F53-4A7B-9106-8EF6DE3C6794}.Release|x86.ActiveCfg = Release|Any CPU
		{A7A6CC03-7F53-4A7B-9106-8EF6DE3C6794}.Release|x86.Build.0 = Release|Any CPU
		{F88C5406-48EA-4892-B43E-F39400467EBF}.Debug|Any CPU.ActiveCfg = Debug|Any CPU
		{F88C5406-48EA-4892-B43E-F39400467EBF}.Debug|Any CPU.Build.0 = Debug|Any CPU
		{F88C5406-48EA-4892-B43E-F39400467EBF}.Debug|x64.ActiveCfg = Debug|Any CPU
		{F88C5406-48EA-4892-B43E-F39400467EBF}.Debug|x64.Build.0 = Debug|Any CPU
		{F88C5406-48EA-4892-B43E-F39400467EBF}.Debug|x86.ActiveCfg = Debug|Any CPU
		{F88C5406-48EA-4892-B43E-F39400467EBF}.Debug|x86.Build.0 = Debug|Any CPU
		{F88C5406-48EA-4892-B43E-F39400467EBF}.Release|Any CPU.ActiveCfg = Release|Any CPU
		{F88C5406-48EA-4892-B43E-F39400467EBF}.Release|Any CPU.Build.0 = Release|Any CPU
		{F88C5406-48EA-4892-B43E-F39400467EBF}.Release|x64.ActiveCfg = Release|Any CPU
		{F88C5406-48EA-4892-B43E-F39400467EBF}.Release|x64.Build.0 = Release|Any CPU
		{F88C5406-48EA-4892-B43E-F39400467EBF}.Release|x86.ActiveCfg = Release|Any CPU
		{F88C5406-48EA-4892-B43E-F39400467EBF}.Release|x86.Build.0 = Release|Any CPU
		{5594A121-F023-4842-AA08-368D0A62FA1B}.Debug|Any CPU.ActiveCfg = Debug|Any CPU
		{5594A121-F023-4842-AA08-368D0A62FA1B}.Debug|Any CPU.Build.0 = Debug|Any CPU
		{5594A121-F023-4842-AA08-368D0A62FA1B}.Debug|x64.ActiveCfg = Debug|Any CPU
		{5594A121-F023-4842-AA08-368D0A62FA1B}.Debug|x64.Build.0 = Debug|Any CPU
		{5594A121-F023-4842-AA08-368D0A62FA1B}.Debug|x86.ActiveCfg = Debug|Any CPU
		{5594A121-F023-4842-AA08-368D0A62FA1B}.Debug|x86.Build.0 = Debug|Any CPU
		{5594A121-F023-4842-AA08-368D0A62FA1B}.Release|Any CPU.ActiveCfg = Release|Any CPU
		{5594A121-F023-4842-AA08-368D0A62FA1B}.Release|Any CPU.Build.0 = Release|Any CPU
		{5594A121-F023-4842-AA08-368D0A62FA1B}.Release|x64.ActiveCfg = Release|Any CPU
		{5594A121-F023-4842-AA08-368D0A62FA1B}.Release|x64.Build.0 = Release|Any CPU
		{5594A121-F023-4842-AA08-368D0A62FA1B}.Release|x86.ActiveCfg = Release|Any CPU
		{5594A121-F023-4842-AA08-368D0A62FA1B}.Release|x86.Build.0 = Release|Any CPU
		{7858DE67-8F36-49FF-972D-FC82D1FE11D0}.Debug|Any CPU.ActiveCfg = Debug|Any CPU
		{7858DE67-8F36-49FF-972D-FC82D1FE11D0}.Debug|Any CPU.Build.0 = Debug|Any CPU
		{7858DE67-8F36-49FF-972D-FC82D1FE11D0}.Debug|x64.ActiveCfg = Debug|Any CPU
		{7858DE67-8F36-49FF-972D-FC82D1FE11D0}.Debug|x64.Build.0 = Debug|Any CPU
		{7858DE67-8F36-49FF-972D-FC82D1FE11D0}.Debug|x86.ActiveCfg = Debug|Any CPU
		{7858DE67-8F36-49FF-972D-FC82D1FE11D0}.Debug|x86.Build.0 = Debug|Any CPU
		{7858DE67-8F36-49FF-972D-FC82D1FE11D0}.Release|Any CPU.ActiveCfg = Release|Any CPU
		{7858DE67-8F36-49FF-972D-FC82D1FE11D0}.Release|Any CPU.Build.0 = Release|Any CPU
		{7858DE67-8F36-49FF-972D-FC82D1FE11D0}.Release|x64.ActiveCfg = Release|Any CPU
		{7858DE67-8F36-49FF-972D-FC82D1FE11D0}.Release|x64.Build.0 = Release|Any CPU
		{7858DE67-8F36-49FF-972D-FC82D1FE11D0}.Release|x86.ActiveCfg = Release|Any CPU
		{7858DE67-8F36-49FF-972D-FC82D1FE11D0}.Release|x86.Build.0 = Release|Any CPU
		{7C57BCE4-D4AD-48B2-9E1B-C863120AA7C8}.Debug|Any CPU.ActiveCfg = Debug|Any CPU
		{7C57BCE4-D4AD-48B2-9E1B-C863120AA7C8}.Debug|Any CPU.Build.0 = Debug|Any CPU
		{7C57BCE4-D4AD-48B2-9E1B-C863120AA7C8}.Debug|x64.ActiveCfg = Debug|Any CPU
		{7C57BCE4-D4AD-48B2-9E1B-C863120AA7C8}.Debug|x64.Build.0 = Debug|Any CPU
		{7C57BCE4-D4AD-48B2-9E1B-C863120AA7C8}.Debug|x86.ActiveCfg = Debug|Any CPU
		{7C57BCE4-D4AD-48B2-9E1B-C863120AA7C8}.Debug|x86.Build.0 = Debug|Any CPU
		{7C57BCE4-D4AD-48B2-9E1B-C863120AA7C8}.Release|Any CPU.ActiveCfg = Release|Any CPU
		{7C57BCE4-D4AD-48B2-9E1B-C863120AA7C8}.Release|Any CPU.Build.0 = Release|Any CPU
		{7C57BCE4-D4AD-48B2-9E1B-C863120AA7C8}.Release|x64.ActiveCfg = Release|Any CPU
		{7C57BCE4-D4AD-48B2-9E1B-C863120AA7C8}.Release|x64.Build.0 = Release|Any CPU
		{7C57BCE4-D4AD-48B2-9E1B-C863120AA7C8}.Release|x86.ActiveCfg = Release|Any CPU
		{7C57BCE4-D4AD-48B2-9E1B-C863120AA7C8}.Release|x86.Build.0 = Release|Any CPU
		{8956F27A-C2A2-4992-89FE-C47C90414CE4}.Debug|Any CPU.ActiveCfg = Debug|Any CPU
		{8956F27A-C2A2-4992-89FE-C47C90414CE4}.Debug|Any CPU.Build.0 = Debug|Any CPU
		{8956F27A-C2A2-4992-89FE-C47C90414CE4}.Debug|x64.ActiveCfg = Debug|Any CPU
		{8956F27A-C2A2-4992-89FE-C47C90414CE4}.Debug|x64.Build.0 = Debug|Any CPU
		{8956F27A-C2A2-4992-89FE-C47C90414CE4}.Debug|x86.ActiveCfg = Debug|Any CPU
		{8956F27A-C2A2-4992-89FE-C47C90414CE4}.Debug|x86.Build.0 = Debug|Any CPU
		{8956F27A-C2A2-4992-89FE-C47C90414CE4}.Release|Any CPU.ActiveCfg = Release|Any CPU
		{8956F27A-C2A2-4992-89FE-C47C90414CE4}.Release|Any CPU.Build.0 = Release|Any CPU
		{8956F27A-C2A2-4992-89FE-C47C90414CE4}.Release|x64.ActiveCfg = Release|Any CPU
		{8956F27A-C2A2-4992-89FE-C47C90414CE4}.Release|x64.Build.0 = Release|Any CPU
		{8956F27A-C2A2-4992-89FE-C47C90414CE4}.Release|x86.ActiveCfg = Release|Any CPU
		{8956F27A-C2A2-4992-89FE-C47C90414CE4}.Release|x86.Build.0 = Release|Any CPU
		{6F2D1F1E-F4E8-4701-A9BF-CFF87293D79E}.Debug|Any CPU.ActiveCfg = Debug|Any CPU
		{6F2D1F1E-F4E8-4701-A9BF-CFF87293D79E}.Debug|Any CPU.Build.0 = Debug|Any CPU
		{6F2D1F1E-F4E8-4701-A9BF-CFF87293D79E}.Debug|x64.ActiveCfg = Debug|Any CPU
		{6F2D1F1E-F4E8-4701-A9BF-CFF87293D79E}.Debug|x64.Build.0 = Debug|Any CPU
		{6F2D1F1E-F4E8-4701-A9BF-CFF87293D79E}.Debug|x86.ActiveCfg = Debug|Any CPU
		{6F2D1F1E-F4E8-4701-A9BF-CFF87293D79E}.Debug|x86.Build.0 = Debug|Any CPU
		{6F2D1F1E-F4E8-4701-A9BF-CFF87293D79E}.Release|Any CPU.ActiveCfg = Release|Any CPU
		{6F2D1F1E-F4E8-4701-A9BF-CFF87293D79E}.Release|Any CPU.Build.0 = Release|Any CPU
		{6F2D1F1E-F4E8-4701-A9BF-CFF87293D79E}.Release|x64.ActiveCfg = Release|Any CPU
		{6F2D1F1E-F4E8-4701-A9BF-CFF87293D79E}.Release|x64.Build.0 = Release|Any CPU
		{6F2D1F1E-F4E8-4701-A9BF-CFF87293D79E}.Release|x86.ActiveCfg = Release|Any CPU
		{6F2D1F1E-F4E8-4701-A9BF-CFF87293D79E}.Release|x86.Build.0 = Release|Any CPU
		{A1743287-C39F-4A92-92FD-077CF5A8541C}.Debug|Any CPU.ActiveCfg = Debug|Any CPU
		{A1743287-C39F-4A92-92FD-077CF5A8541C}.Debug|Any CPU.Build.0 = Debug|Any CPU
		{A1743287-C39F-4A92-92FD-077CF5A8541C}.Debug|x64.ActiveCfg = Debug|Any CPU
		{A1743287-C39F-4A92-92FD-077CF5A8541C}.Debug|x64.Build.0 = Debug|Any CPU
		{A1743287-C39F-4A92-92FD-077CF5A8541C}.Debug|x86.ActiveCfg = Debug|Any CPU
		{A1743287-C39F-4A92-92FD-077CF5A8541C}.Debug|x86.Build.0 = Debug|Any CPU
		{A1743287-C39F-4A92-92FD-077CF5A8541C}.Release|Any CPU.ActiveCfg = Release|Any CPU
		{A1743287-C39F-4A92-92FD-077CF5A8541C}.Release|Any CPU.Build.0 = Release|Any CPU
		{A1743287-C39F-4A92-92FD-077CF5A8541C}.Release|x64.ActiveCfg = Release|Any CPU
		{A1743287-C39F-4A92-92FD-077CF5A8541C}.Release|x64.Build.0 = Release|Any CPU
		{A1743287-C39F-4A92-92FD-077CF5A8541C}.Release|x86.ActiveCfg = Release|Any CPU
		{A1743287-C39F-4A92-92FD-077CF5A8541C}.Release|x86.Build.0 = Release|Any CPU
		{43068428-7F9B-40CC-89EF-05C3A17268EB}.Debug|Any CPU.ActiveCfg = Debug|Any CPU
		{43068428-7F9B-40CC-89EF-05C3A17268EB}.Debug|Any CPU.Build.0 = Debug|Any CPU
		{43068428-7F9B-40CC-89EF-05C3A17268EB}.Debug|x64.ActiveCfg = Debug|Any CPU
		{43068428-7F9B-40CC-89EF-05C3A17268EB}.Debug|x64.Build.0 = Debug|Any CPU
		{43068428-7F9B-40CC-89EF-05C3A17268EB}.Debug|x86.ActiveCfg = Debug|Any CPU
		{43068428-7F9B-40CC-89EF-05C3A17268EB}.Debug|x86.Build.0 = Debug|Any CPU
		{43068428-7F9B-40CC-89EF-05C3A17268EB}.Release|Any CPU.ActiveCfg = Release|Any CPU
		{43068428-7F9B-40CC-89EF-05C3A17268EB}.Release|Any CPU.Build.0 = Release|Any CPU
		{43068428-7F9B-40CC-89EF-05C3A17268EB}.Release|x64.ActiveCfg = Release|Any CPU
		{43068428-7F9B-40CC-89EF-05C3A17268EB}.Release|x64.Build.0 = Release|Any CPU
		{43068428-7F9B-40CC-89EF-05C3A17268EB}.Release|x86.ActiveCfg = Release|Any CPU
		{43068428-7F9B-40CC-89EF-05C3A17268EB}.Release|x86.Build.0 = Release|Any CPU
	EndGlobalSection
	GlobalSection(SolutionProperties) = preSolution
		HideSolutionNode = FALSE
	EndGlobalSection
	GlobalSection(NestedProjects) = preSolution
		{13AACEBB-5F00-79C1-2D14-6EA8B5DDD1FE} = {71E6E750-85FD-B5BC-4321-E01377EC6231}
		{8342BE25-E796-38F2-CB7B-0DB5AE423C10} = {13AACEBB-5F00-79C1-2D14-6EA8B5DDD1FE}
		{D90AB541-7400-80B1-A0B4-F58D0D439F55} = {71E6E750-85FD-B5BC-4321-E01377EC6231}
		{6F533397-BBD9-0336-3CAE-F495370BE38B} = {13AACEBB-5F00-79C1-2D14-6EA8B5DDD1FE}
		{13F86938-B80C-7DF0-AF6E-9A6948745582} = {6F533397-BBD9-0336-3CAE-F495370BE38B}
		{C1D486EE-EA64-90EF-7B05-C1DDFCF4D57D} = {6F533397-BBD9-0336-3CAE-F495370BE38B}
		{FD71D200-A606-42CC-59F0-431FE2BCED15} = {C1D486EE-EA64-90EF-7B05-C1DDFCF4D57D}
		{445544B8-5396-45F6-A7A8-8C4D8BF49682} = {D90AB541-7400-80B1-A0B4-F58D0D439F55}
		{7CFDFA9C-4378-4619-9744-5AA25D6B44DC} = {D90AB541-7400-80B1-A0B4-F58D0D439F55}
		{D4940822-8CCD-A00D-B363-AA1F29BDEDF4} = {71E6E750-85FD-B5BC-4321-E01377EC6231}
		{60FADB55-0053-2270-2CC9-BA1C5BAD72E6} = {D4940822-8CCD-A00D-B363-AA1F29BDEDF4}
		{E67A029E-46F2-4D01-AA43-E9C236C86307} = {60FADB55-0053-2270-2CC9-BA1C5BAD72E6}
		{A5FF46DC-197C-4D31-8BE8-AC20ABD68126} = {60FADB55-0053-2270-2CC9-BA1C5BAD72E6}
		{0E914921-1300-4A18-99D3-6BF055D14198} = {60FADB55-0053-2270-2CC9-BA1C5BAD72E6}
		{A7A6CC03-7F53-4A7B-9106-8EF6DE3C6794} = {D90AB541-7400-80B1-A0B4-F58D0D439F55}
		{F88C5406-48EA-4892-B43E-F39400467EBF} = {D90AB541-7400-80B1-A0B4-F58D0D439F55}
		{5594A121-F023-4842-AA08-368D0A62FA1B} = {D90AB541-7400-80B1-A0B4-F58D0D439F55}
		{7858DE67-8F36-49FF-972D-FC82D1FE11D0} = {D90AB541-7400-80B1-A0B4-F58D0D439F55}
		{7C57BCE4-D4AD-48B2-9E1B-C863120AA7C8} = {D90AB541-7400-80B1-A0B4-F58D0D439F55}
		{8956F27A-C2A2-4992-89FE-C47C90414CE4} = {D90AB541-7400-80B1-A0B4-F58D0D439F55}
		{6F2D1F1E-F4E8-4701-A9BF-CFF87293D79E} = {D90AB541-7400-80B1-A0B4-F58D0D439F55}
		{A1743287-C39F-4A92-92FD-077CF5A8541C} = {13AACEBB-5F00-79C1-2D14-6EA8B5DDD1FE}
		{43068428-7F9B-40CC-89EF-05C3A17268EB} = {13AACEBB-5F00-79C1-2D14-6EA8B5DDD1FE}
	EndGlobalSection
	GlobalSection(ExtensibilityGlobals) = postSolution
		SolutionGuid = {BF73B15F-524B-4842-9510-E54B103B33CC}
	EndGlobalSection
EndGlobal
